// !$*UTF8*$!
{
	archiveVersion = 1;
	classes = {
	};
	objectVersion = 48;
	objects = {

/* Begin PBXBuildFile section */
		D7489E2D205D29D8003D3A63 /* Operation+FutureKind.swift in Sources */ = {isa = PBXBuildFile; fileRef = D7489E2C205D29D8003D3A63 /* Operation+FutureKind.swift */; };
		D7489E2F205D2BB8003D3A63 /* Operation+UI.swift in Sources */ = {isa = PBXBuildFile; fileRef = D7489E2E205D2BB8003D3A63 /* Operation+UI.swift */; };
		D74C7E88205FB803000D6085 /* AppError.swift in Sources */ = {isa = PBXBuildFile; fileRef = D7D2C097205D886D0035E5EF /* AppError.swift */; };
		D74C7E89205FBAEC000D6085 /* General.swift in Sources */ = {isa = PBXBuildFile; fileRef = D7D2C08C205D370D0035E5EF /* General.swift */; };
		D74C7E8B205FBCB0000D6085 /* BuildParameters.swift in Sources */ = {isa = PBXBuildFile; fileRef = D74C7E8A205FBCB0000D6085 /* BuildParameters.swift */; };
		D74C7E8C205FE966000D6085 /* LoadingIndicatorView.swift in Sources */ = {isa = PBXBuildFile; fileRef = D7A57242205F06FF00C3125B /* LoadingIndicatorView.swift */; };
		D74C7E8D205FE9FC000D6085 /* Alert.swift in Sources */ = {isa = PBXBuildFile; fileRef = D7A57248205F207200C3125B /* Alert.swift */; };
		D74C7E91206013A9000D6085 /* QRMembership.swift in Sources */ = {isa = PBXBuildFile; fileRef = D74C7E90206013A9000D6085 /* QRMembership.swift */; };
		D74C7E92206013A9000D6085 /* QRMembership.swift in Sources */ = {isa = PBXBuildFile; fileRef = D74C7E90206013A9000D6085 /* QRMembership.swift */; };
		D74C7E942060154E000D6085 /* Date+Extensions.swift in Sources */ = {isa = PBXBuildFile; fileRef = D74C7E932060154E000D6085 /* Date+Extensions.swift */; };
		D74C7E952060154E000D6085 /* Date+Extensions.swift in Sources */ = {isa = PBXBuildFile; fileRef = D74C7E932060154E000D6085 /* Date+Extensions.swift */; };
		D74C7E9720602304000D6085 /* QRUserDefaults.swift in Sources */ = {isa = PBXBuildFile; fileRef = D74C7E9620602304000D6085 /* QRUserDefaults.swift */; };
		D74C7E9820602304000D6085 /* QRUserDefaults.swift in Sources */ = {isa = PBXBuildFile; fileRef = D74C7E9620602304000D6085 /* QRUserDefaults.swift */; };
		D784707A2059A1B4000FE0C5 /* AppDelegate.swift in Sources */ = {isa = PBXBuildFile; fileRef = D78470792059A1B4000FE0C5 /* AppDelegate.swift */; };
		D784707C2059A1B4000FE0C5 /* QRBaseViewController.swift in Sources */ = {isa = PBXBuildFile; fileRef = D784707B2059A1B4000FE0C5 /* QRBaseViewController.swift */; };
		D78470812059A1B4000FE0C5 /* Assets.xcassets in Resources */ = {isa = PBXBuildFile; fileRef = D78470802059A1B4000FE0C5 /* Assets.xcassets */; };
		D78470842059A1B4000FE0C5 /* LaunchScreen.storyboard in Resources */ = {isa = PBXBuildFile; fileRef = D78470822059A1B4000FE0C5 /* LaunchScreen.storyboard */; };
		D784708F2059A1B4000FE0C5 /* QRAppTests.swift in Sources */ = {isa = PBXBuildFile; fileRef = D784708E2059A1B4000FE0C5 /* QRAppTests.swift */; };
		D784709B2059AAE8000FE0C5 /* UIColor+Extensions.swift in Sources */ = {isa = PBXBuildFile; fileRef = D784709A2059AAE8000FE0C5 /* UIColor+Extensions.swift */; };
		D78470A12059C06E000FE0C5 /* BrightFutures.framework in Frameworks */ = {isa = PBXBuildFile; fileRef = D784709E2059C06E000FE0C5 /* BrightFutures.framework */; };
		D78470A22059C06E000FE0C5 /* Result.framework in Frameworks */ = {isa = PBXBuildFile; fileRef = D784709F2059C06E000FE0C5 /* Result.framework */; };
		D79B1A91205C1F7F005454EA /* Operation.swift in Sources */ = {isa = PBXBuildFile; fileRef = D79B1A90205C1F7F005454EA /* Operation.swift */; };
		D7A57234205E72D600C3125B /* ActionButton.swift in Sources */ = {isa = PBXBuildFile; fileRef = D7A57233205E72D600C3125B /* ActionButton.swift */; };
		D7A57236205E8CC900C3125B /* TapButton.swift in Sources */ = {isa = PBXBuildFile; fileRef = D7A57235205E8CC900C3125B /* TapButton.swift */; };
		D7A57238205E9C2E00C3125B /* Int+Extensions.swift in Sources */ = {isa = PBXBuildFile; fileRef = D7A57237205E9C2E00C3125B /* Int+Extensions.swift */; };
		D7A5723C205EB99400C3125B /* UIImage+Extensions.swift in Sources */ = {isa = PBXBuildFile; fileRef = D7A5723B205EB99400C3125B /* UIImage+Extensions.swift */; };
		D7A5723E205ED82400C3125B /* QRCode.swift in Sources */ = {isa = PBXBuildFile; fileRef = D7A5723D205ED82400C3125B /* QRCode.swift */; };
		D7A5723F205ED82700C3125B /* QRCode.swift in Sources */ = {isa = PBXBuildFile; fileRef = D7A5723D205ED82400C3125B /* QRCode.swift */; };
		D7A57243205F06FF00C3125B /* LoadingIndicatorView.swift in Sources */ = {isa = PBXBuildFile; fileRef = D7A57242205F06FF00C3125B /* LoadingIndicatorView.swift */; };
		D7A57245205F15A700C3125B /* ScanQRViewController.swift in Sources */ = {isa = PBXBuildFile; fileRef = D7A57244205F15A700C3125B /* ScanQRViewController.swift */; };
		D7A57247205F181F00C3125B /* QRCaptureSession.swift in Sources */ = {isa = PBXBuildFile; fileRef = D7A57246205F181F00C3125B /* QRCaptureSession.swift */; };
		D7A57249205F207200C3125B /* Alert.swift in Sources */ = {isa = PBXBuildFile; fileRef = D7A57248205F207200C3125B /* Alert.swift */; };
		D7A5724B205FB25300C3125B /* QRBaseViewModel.swift in Sources */ = {isa = PBXBuildFile; fileRef = D7A5724A205FB25300C3125B /* QRBaseViewModel.swift */; };
		D7A5724C205FB25300C3125B /* QRBaseViewModel.swift in Sources */ = {isa = PBXBuildFile; fileRef = D7A5724A205FB25300C3125B /* QRBaseViewModel.swift */; };
		D7A5724F205FB2CD00C3125B /* MainViewModel.swift in Sources */ = {isa = PBXBuildFile; fileRef = D7A5724E205FB2CD00C3125B /* MainViewModel.swift */; };
		D7A57251205FB53300C3125B /* HTTP+Task.swift in Sources */ = {isa = PBXBuildFile; fileRef = D7D2C09B205DBB5D0035E5EF /* HTTP+Task.swift */; };
		D7A57252205FB64700C3125B /* HTTP.swift in Sources */ = {isa = PBXBuildFile; fileRef = D7D2C08A205D31F40035E5EF /* HTTP.swift */; };
		D7A57255205FB6A300C3125B /* Operation.swift in Sources */ = {isa = PBXBuildFile; fileRef = D79B1A90205C1F7F005454EA /* Operation.swift */; };
		D7A57256205FB6A800C3125B /* Operation+UI.swift in Sources */ = {isa = PBXBuildFile; fileRef = D7489E2E205D2BB8003D3A63 /* Operation+UI.swift */; };
		D7A57257205FB6AB00C3125B /* Operation+FutureKind.swift in Sources */ = {isa = PBXBuildFile; fileRef = D7489E2C205D29D8003D3A63 /* Operation+FutureKind.swift */; };
		D7D2C089205D2E960035E5EF /* Backend.swift in Sources */ = {isa = PBXBuildFile; fileRef = D7D2C088205D2E960035E5EF /* Backend.swift */; };
		D7D2C08B205D31F40035E5EF /* HTTP.swift in Sources */ = {isa = PBXBuildFile; fileRef = D7D2C08A205D31F40035E5EF /* HTTP.swift */; };
		D7D2C08D205D370D0035E5EF /* General.swift in Sources */ = {isa = PBXBuildFile; fileRef = D7D2C08C205D370D0035E5EF /* General.swift */; };
		D7D2C091205D74E70035E5EF /* String+Extensions.swift in Sources */ = {isa = PBXBuildFile; fileRef = D7D2C090205D74E70035E5EF /* String+Extensions.swift */; };
		D7D2C093205D76CE0035E5EF /* Array+Extensions.swift in Sources */ = {isa = PBXBuildFile; fileRef = D7D2C092205D76CE0035E5EF /* Array+Extensions.swift */; };
		D7D2C095205D7F790035E5EF /* BaseDictModel.swift in Sources */ = {isa = PBXBuildFile; fileRef = D7D2C094205D7F790035E5EF /* BaseDictModel.swift */; };
		D7D2C098205D886E0035E5EF /* AppError.swift in Sources */ = {isa = PBXBuildFile; fileRef = D7D2C097205D886D0035E5EF /* AppError.swift */; };
		D7D2C09A205DAA2A0035E5EF /* URLResponse+Extensions.swift in Sources */ = {isa = PBXBuildFile; fileRef = D7D2C099205DAA2A0035E5EF /* URLResponse+Extensions.swift */; };
		D7D2C09C205DBB5D0035E5EF /* HTTP+Task.swift in Sources */ = {isa = PBXBuildFile; fileRef = D7D2C09B205DBB5D0035E5EF /* HTTP+Task.swift */; };
		D7F147A22059C51100057F92 /* SnapKit.framework in Frameworks */ = {isa = PBXBuildFile; fileRef = D784709D2059C06E000FE0C5 /* SnapKit.framework */; };
		D7FA2E89205DC076006E7A4D /* MainViewController.swift in Sources */ = {isa = PBXBuildFile; fileRef = D7FA2E88205DC076006E7A4D /* MainViewController.swift */; };
		D7FA2E8B205DC1C3006E7A4D /* DisplayQRViewController.swift in Sources */ = {isa = PBXBuildFile; fileRef = D7FA2E8A205DC1C3006E7A4D /* DisplayQRViewController.swift */; };
		D7FA2E8D205E634D006E7A4D /* ActionButtonView.swift in Sources */ = {isa = PBXBuildFile; fileRef = D7FA2E8C205E634D006E7A4D /* ActionButtonView.swift */; };
/* End PBXBuildFile section */

/* Begin PBXContainerItemProxy section */
		D784708B2059A1B4000FE0C5 /* PBXContainerItemProxy */ = {
			isa = PBXContainerItemProxy;
			containerPortal = D784706E2059A1B4000FE0C5 /* Project object */;
			proxyType = 1;
			remoteGlobalIDString = D78470752059A1B4000FE0C5;
			remoteInfo = QRApp;
		};
/* End PBXContainerItemProxy section */

/* Begin PBXFileReference section */
		D7489E2C205D29D8003D3A63 /* Operation+FutureKind.swift */ = {isa = PBXFileReference; lastKnownFileType = sourcecode.swift; path = "Operation+FutureKind.swift"; sourceTree = "<group>"; };
		D7489E2E205D2BB8003D3A63 /* Operation+UI.swift */ = {isa = PBXFileReference; lastKnownFileType = sourcecode.swift; path = "Operation+UI.swift"; sourceTree = "<group>"; };
		D74C7E8A205FBCB0000D6085 /* BuildParameters.swift */ = {isa = PBXFileReference; lastKnownFileType = sourcecode.swift; path = BuildParameters.swift; sourceTree = "<group>"; };
		D74C7E90206013A9000D6085 /* QRMembership.swift */ = {isa = PBXFileReference; lastKnownFileType = sourcecode.swift; path = QRMembership.swift; sourceTree = "<group>"; };
		D74C7E932060154E000D6085 /* Date+Extensions.swift */ = {isa = PBXFileReference; lastKnownFileType = sourcecode.swift; path = "Date+Extensions.swift"; sourceTree = "<group>"; };
		D74C7E9620602304000D6085 /* QRUserDefaults.swift */ = {isa = PBXFileReference; lastKnownFileType = sourcecode.swift; path = QRUserDefaults.swift; sourceTree = "<group>"; };
		D78470762059A1B4000FE0C5 /* QRApp.app */ = {isa = PBXFileReference; explicitFileType = wrapper.application; includeInIndex = 0; path = QRApp.app; sourceTree = BUILT_PRODUCTS_DIR; };
		D78470792059A1B4000FE0C5 /* AppDelegate.swift */ = {isa = PBXFileReference; lastKnownFileType = sourcecode.swift; path = AppDelegate.swift; sourceTree = "<group>"; };
		D784707B2059A1B4000FE0C5 /* QRBaseViewController.swift */ = {isa = PBXFileReference; lastKnownFileType = sourcecode.swift; path = QRBaseViewController.swift; sourceTree = "<group>"; };
		D78470802059A1B4000FE0C5 /* Assets.xcassets */ = {isa = PBXFileReference; lastKnownFileType = folder.assetcatalog; path = Assets.xcassets; sourceTree = "<group>"; };
		D78470832059A1B4000FE0C5 /* Base */ = {isa = PBXFileReference; lastKnownFileType = file.storyboard; name = Base; path = Base.lproj/LaunchScreen.storyboard; sourceTree = "<group>"; };
		D78470852059A1B4000FE0C5 /* Info.plist */ = {isa = PBXFileReference; lastKnownFileType = text.plist.xml; path = Info.plist; sourceTree = "<group>"; };
		D784708A2059A1B4000FE0C5 /* QRAppTests.xctest */ = {isa = PBXFileReference; explicitFileType = wrapper.cfbundle; includeInIndex = 0; path = QRAppTests.xctest; sourceTree = BUILT_PRODUCTS_DIR; };
		D784708E2059A1B4000FE0C5 /* QRAppTests.swift */ = {isa = PBXFileReference; lastKnownFileType = sourcecode.swift; path = QRAppTests.swift; sourceTree = "<group>"; };
		D78470902059A1B4000FE0C5 /* Info.plist */ = {isa = PBXFileReference; lastKnownFileType = text.plist.xml; path = Info.plist; sourceTree = "<group>"; };
		D784709A2059AAE8000FE0C5 /* UIColor+Extensions.swift */ = {isa = PBXFileReference; lastKnownFileType = sourcecode.swift; path = "UIColor+Extensions.swift"; sourceTree = "<group>"; };
		D784709D2059C06E000FE0C5 /* SnapKit.framework */ = {isa = PBXFileReference; lastKnownFileType = wrapper.framework; name = SnapKit.framework; path = ../Carthage/Build/iOS/SnapKit.framework; sourceTree = "<group>"; };
		D784709E2059C06E000FE0C5 /* BrightFutures.framework */ = {isa = PBXFileReference; lastKnownFileType = wrapper.framework; name = BrightFutures.framework; path = ../Carthage/Build/iOS/BrightFutures.framework; sourceTree = "<group>"; };
		D784709F2059C06E000FE0C5 /* Result.framework */ = {isa = PBXFileReference; lastKnownFileType = wrapper.framework; name = Result.framework; path = ../Carthage/Build/iOS/Result.framework; sourceTree = "<group>"; };
		D79B1A90205C1F7F005454EA /* Operation.swift */ = {isa = PBXFileReference; lastKnownFileType = sourcecode.swift; path = Operation.swift; sourceTree = "<group>"; };
		D7A57233205E72D600C3125B /* ActionButton.swift */ = {isa = PBXFileReference; lastKnownFileType = sourcecode.swift; path = ActionButton.swift; sourceTree = "<group>"; };
		D7A57235205E8CC900C3125B /* TapButton.swift */ = {isa = PBXFileReference; lastKnownFileType = sourcecode.swift; path = TapButton.swift; sourceTree = "<group>"; };
		D7A57237205E9C2E00C3125B /* Int+Extensions.swift */ = {isa = PBXFileReference; lastKnownFileType = sourcecode.swift; path = "Int+Extensions.swift"; sourceTree = "<group>"; };
		D7A5723B205EB99400C3125B /* UIImage+Extensions.swift */ = {isa = PBXFileReference; lastKnownFileType = sourcecode.swift; path = "UIImage+Extensions.swift"; sourceTree = "<group>"; };
		D7A5723D205ED82400C3125B /* QRCode.swift */ = {isa = PBXFileReference; lastKnownFileType = sourcecode.swift; path = QRCode.swift; sourceTree = "<group>"; };
		D7A57242205F06FF00C3125B /* LoadingIndicatorView.swift */ = {isa = PBXFileReference; lastKnownFileType = sourcecode.swift; path = LoadingIndicatorView.swift; sourceTree = "<group>"; };
		D7A57244205F15A700C3125B /* ScanQRViewController.swift */ = {isa = PBXFileReference; lastKnownFileType = sourcecode.swift; path = ScanQRViewController.swift; sourceTree = "<group>"; };
		D7A57246205F181F00C3125B /* QRCaptureSession.swift */ = {isa = PBXFileReference; lastKnownFileType = sourcecode.swift; path = QRCaptureSession.swift; sourceTree = "<group>"; };
		D7A57248205F207200C3125B /* Alert.swift */ = {isa = PBXFileReference; lastKnownFileType = sourcecode.swift; path = Alert.swift; sourceTree = "<group>"; };
		D7A5724A205FB25300C3125B /* QRBaseViewModel.swift */ = {isa = PBXFileReference; lastKnownFileType = sourcecode.swift; path = QRBaseViewModel.swift; sourceTree = "<group>"; };
		D7A5724E205FB2CD00C3125B /* MainViewModel.swift */ = {isa = PBXFileReference; lastKnownFileType = sourcecode.swift; path = MainViewModel.swift; sourceTree = "<group>"; };
		D7D2C088205D2E960035E5EF /* Backend.swift */ = {isa = PBXFileReference; lastKnownFileType = sourcecode.swift; path = Backend.swift; sourceTree = "<group>"; };
		D7D2C08A205D31F40035E5EF /* HTTP.swift */ = {isa = PBXFileReference; lastKnownFileType = sourcecode.swift; path = HTTP.swift; sourceTree = "<group>"; };
		D7D2C08C205D370D0035E5EF /* General.swift */ = {isa = PBXFileReference; lastKnownFileType = sourcecode.swift; path = General.swift; sourceTree = "<group>"; };
		D7D2C090205D74E70035E5EF /* String+Extensions.swift */ = {isa = PBXFileReference; lastKnownFileType = sourcecode.swift; path = "String+Extensions.swift"; sourceTree = "<group>"; };
		D7D2C092205D76CE0035E5EF /* Array+Extensions.swift */ = {isa = PBXFileReference; lastKnownFileType = sourcecode.swift; path = "Array+Extensions.swift"; sourceTree = "<group>"; };
		D7D2C094205D7F790035E5EF /* BaseDictModel.swift */ = {isa = PBXFileReference; lastKnownFileType = sourcecode.swift; path = BaseDictModel.swift; sourceTree = "<group>"; };
		D7D2C097205D886D0035E5EF /* AppError.swift */ = {isa = PBXFileReference; lastKnownFileType = sourcecode.swift; path = AppError.swift; sourceTree = "<group>"; };
		D7D2C099205DAA2A0035E5EF /* URLResponse+Extensions.swift */ = {isa = PBXFileReference; lastKnownFileType = sourcecode.swift; path = "URLResponse+Extensions.swift"; sourceTree = "<group>"; };
		D7D2C09B205DBB5D0035E5EF /* HTTP+Task.swift */ = {isa = PBXFileReference; lastKnownFileType = sourcecode.swift; path = "HTTP+Task.swift"; sourceTree = "<group>"; };
		D7FA2E88205DC076006E7A4D /* MainViewController.swift */ = {isa = PBXFileReference; lastKnownFileType = sourcecode.swift; path = MainViewController.swift; sourceTree = "<group>"; };
		D7FA2E8A205DC1C3006E7A4D /* DisplayQRViewController.swift */ = {isa = PBXFileReference; lastKnownFileType = sourcecode.swift; path = DisplayQRViewController.swift; sourceTree = "<group>"; };
		D7FA2E8C205E634D006E7A4D /* ActionButtonView.swift */ = {isa = PBXFileReference; lastKnownFileType = sourcecode.swift; path = ActionButtonView.swift; sourceTree = "<group>"; };
/* End PBXFileReference section */

/* Begin PBXFrameworksBuildPhase section */
		D78470732059A1B4000FE0C5 /* Frameworks */ = {
			isa = PBXFrameworksBuildPhase;
			buildActionMask = 2147483647;
			files = (
				D78470A22059C06E000FE0C5 /* Result.framework in Frameworks */,
				D7F147A22059C51100057F92 /* SnapKit.framework in Frameworks */,
				D78470A12059C06E000FE0C5 /* BrightFutures.framework in Frameworks */,
			);
			runOnlyForDeploymentPostprocessing = 0;
		};
		D78470872059A1B4000FE0C5 /* Frameworks */ = {
			isa = PBXFrameworksBuildPhase;
			buildActionMask = 2147483647;
			files = (
			);
			runOnlyForDeploymentPostprocessing = 0;
		};
/* End PBXFrameworksBuildPhase section */

/* Begin PBXGroup section */
		D74C7E8E20601295000D6085 /* Assets */ = {
			isa = PBXGroup;
			children = (
				D78470802059A1B4000FE0C5 /* Assets.xcassets */,
				D78470822059A1B4000FE0C5 /* LaunchScreen.storyboard */,
			);
			path = Assets;
			sourceTree = "<group>";
		};
		D74C7E8F206012F1000D6085 /* Plist */ = {
			isa = PBXGroup;
			children = (
				D78470852059A1B4000FE0C5 /* Info.plist */,
			);
			path = Plist;
			sourceTree = "<group>";
		};
		D784706D2059A1B4000FE0C5 = {
			isa = PBXGroup;
			children = (
				D78470782059A1B4000FE0C5 /* QRApp */,
				D784708D2059A1B4000FE0C5 /* QRAppTests */,
				D78470772059A1B4000FE0C5 /* Products */,
				D784709C2059C06D000FE0C5 /* Frameworks */,
			);
			sourceTree = "<group>";
		};
		D78470772059A1B4000FE0C5 /* Products */ = {
			isa = PBXGroup;
			children = (
				D78470762059A1B4000FE0C5 /* QRApp.app */,
				D784708A2059A1B4000FE0C5 /* QRAppTests.xctest */,
			);
			name = Products;
			sourceTree = "<group>";
		};
		D78470782059A1B4000FE0C5 /* QRApp */ = {
			isa = PBXGroup;
			children = (
				D7FA2E87205DBFD4006E7A4D /* AppDelegate */,
				D74C7E8E20601295000D6085 /* Assets */,
				D7D2C08F205D6D320035E5EF /* Backend */,
				D79B1A93205C3689005454EA /* Extensions */,
				D7D2C096205D7F820035E5EF /* Model */,
				D79B1A92205C1F85005454EA /* Operation */,
				D74C7E8F206012F1000D6085 /* Plist */,
				D7D2C08E205D37130035E5EF /* Utils */,
				D78470992059A764000FE0C5 /* ViewControllers */,
				D7A57232205E72A900C3125B /* Views */,
				D7A5724D205FB25900C3125B /* ViewModels */,
			);
			path = QRApp;
			sourceTree = "<group>";
		};
		D784708D2059A1B4000FE0C5 /* QRAppTests */ = {
			isa = PBXGroup;
			children = (
				D784708E2059A1B4000FE0C5 /* QRAppTests.swift */,
				D78470902059A1B4000FE0C5 /* Info.plist */,
			);
			path = QRAppTests;
			sourceTree = "<group>";
		};
		D78470992059A764000FE0C5 /* ViewControllers */ = {
			isa = PBXGroup;
			children = (
				D784707B2059A1B4000FE0C5 /* QRBaseViewController.swift */,
				D7A57244205F15A700C3125B /* ScanQRViewController.swift */,
				D7FA2E88205DC076006E7A4D /* MainViewController.swift */,
				D7FA2E8A205DC1C3006E7A4D /* DisplayQRViewController.swift */,
			);
			path = ViewControllers;
			sourceTree = "<group>";
		};
		D784709C2059C06D000FE0C5 /* Frameworks */ = {
			isa = PBXGroup;
			children = (
				D784709E2059C06E000FE0C5 /* BrightFutures.framework */,
				D784709F2059C06E000FE0C5 /* Result.framework */,
				D784709D2059C06E000FE0C5 /* SnapKit.framework */,
			);
			name = Frameworks;
			sourceTree = "<group>";
		};
		D79B1A92205C1F85005454EA /* Operation */ = {
			isa = PBXGroup;
			children = (
				D79B1A90205C1F7F005454EA /* Operation.swift */,
				D7489E2E205D2BB8003D3A63 /* Operation+UI.swift */,
				D7489E2C205D29D8003D3A63 /* Operation+FutureKind.swift */,
			);
			path = Operation;
			sourceTree = "<group>";
		};
		D79B1A93205C3689005454EA /* Extensions */ = {
			isa = PBXGroup;
			children = (
				D784709A2059AAE8000FE0C5 /* UIColor+Extensions.swift */,
				D7A57237205E9C2E00C3125B /* Int+Extensions.swift */,
				D7D2C090205D74E70035E5EF /* String+Extensions.swift */,
				D74C7E932060154E000D6085 /* Date+Extensions.swift */,
				D7D2C099205DAA2A0035E5EF /* URLResponse+Extensions.swift */,
				D7D2C092205D76CE0035E5EF /* Array+Extensions.swift */,
				D7A5723B205EB99400C3125B /* UIImage+Extensions.swift */,
			);
			path = Extensions;
			sourceTree = "<group>";
		};
		D7A57232205E72A900C3125B /* Views */ = {
			isa = PBXGroup;
			children = (
				D7FA2E8C205E634D006E7A4D /* ActionButtonView.swift */,
				D7A57248205F207200C3125B /* Alert.swift */,
				D7A57235205E8CC900C3125B /* TapButton.swift */,
				D7A57242205F06FF00C3125B /* LoadingIndicatorView.swift */,
				D7A57233205E72D600C3125B /* ActionButton.swift */,
			);
			path = Views;
			sourceTree = "<group>";
		};
		D7A5724D205FB25900C3125B /* ViewModels */ = {
			isa = PBXGroup;
			children = (
				D7A5724A205FB25300C3125B /* QRBaseViewModel.swift */,
				D7A5724E205FB2CD00C3125B /* MainViewModel.swift */,
			);
			path = ViewModels;
			sourceTree = "<group>";
		};
		D7D2C08E205D37130035E5EF /* Utils */ = {
			isa = PBXGroup;
			children = (
				D7D2C08C205D370D0035E5EF /* General.swift */,
				D74C7E9620602304000D6085 /* QRUserDefaults.swift */,
				D74C7E8A205FBCB0000D6085 /* BuildParameters.swift */,
			);
			path = Utils;
			sourceTree = "<group>";
		};
		D7D2C08F205D6D320035E5EF /* Backend */ = {
			isa = PBXGroup;
			children = (
				D7D2C088205D2E960035E5EF /* Backend.swift */,
				D7D2C08A205D31F40035E5EF /* HTTP.swift */,
				D7D2C09B205DBB5D0035E5EF /* HTTP+Task.swift */,
			);
			path = Backend;
			sourceTree = "<group>";
		};
		D7D2C096205D7F820035E5EF /* Model */ = {
			isa = PBXGroup;
			children = (
				D7D2C097205D886D0035E5EF /* AppError.swift */,
				D7A57246205F181F00C3125B /* QRCaptureSession.swift */,
				D7D2C094205D7F790035E5EF /* BaseDictModel.swift */,
				D7A5723D205ED82400C3125B /* QRCode.swift */,
				D74C7E90206013A9000D6085 /* QRMembership.swift */,
			);
			path = Model;
			sourceTree = "<group>";
		};
		D7FA2E87205DBFD4006E7A4D /* AppDelegate */ = {
			isa = PBXGroup;
			children = (
				D78470792059A1B4000FE0C5 /* AppDelegate.swift */,
			);
			path = AppDelegate;
			sourceTree = "<group>";
		};
/* End PBXGroup section */

/* Begin PBXNativeTarget section */
		D78470752059A1B4000FE0C5 /* QRApp */ = {
			isa = PBXNativeTarget;
			buildConfigurationList = D78470932059A1B4000FE0C5 /* Build configuration list for PBXNativeTarget "QRApp" */;
			buildPhases = (
				D78470722059A1B4000FE0C5 /* Sources */,
				D78470732059A1B4000FE0C5 /* Frameworks */,
				D78470742059A1B4000FE0C5 /* Resources */,
				D78470A32059C0A3000FE0C5 /* Carthage Setup */,
				D78470A42059C1CF000FE0C5 /* Carthage Check For Outdated Dependencies */,
			);
			buildRules = (
			);
			dependencies = (
			);
			name = QRApp;
			productName = QRApp;
			productReference = D78470762059A1B4000FE0C5 /* QRApp.app */;
			productType = "com.apple.product-type.application";
		};
		D78470892059A1B4000FE0C5 /* QRAppTests */ = {
			isa = PBXNativeTarget;
			buildConfigurationList = D78470962059A1B4000FE0C5 /* Build configuration list for PBXNativeTarget "QRAppTests" */;
			buildPhases = (
				D78470862059A1B4000FE0C5 /* Sources */,
				D78470872059A1B4000FE0C5 /* Frameworks */,
				D78470882059A1B4000FE0C5 /* Resources */,
			);
			buildRules = (
			);
			dependencies = (
				D784708C2059A1B4000FE0C5 /* PBXTargetDependency */,
			);
			name = QRAppTests;
			productName = QRAppTests;
			productReference = D784708A2059A1B4000FE0C5 /* QRAppTests.xctest */;
			productType = "com.apple.product-type.bundle.unit-test";
		};
/* End PBXNativeTarget section */

/* Begin PBXProject section */
		D784706E2059A1B4000FE0C5 /* Project object */ = {
			isa = PBXProject;
			attributes = {
				LastSwiftUpdateCheck = 0920;
				LastUpgradeCheck = 0920;
				ORGANIZATIONNAME = "Ville Välimaa";
				TargetAttributes = {
					D78470752059A1B4000FE0C5 = {
						CreatedOnToolsVersion = 9.2;
						ProvisioningStyle = Automatic;
					};
					D78470892059A1B4000FE0C5 = {
						CreatedOnToolsVersion = 9.2;
						ProvisioningStyle = Automatic;
						TestTargetID = D78470752059A1B4000FE0C5;
					};
				};
			};
			buildConfigurationList = D78470712059A1B4000FE0C5 /* Build configuration list for PBXProject "QRApp" */;
			compatibilityVersion = "Xcode 8.0";
			developmentRegion = en;
			hasScannedForEncodings = 0;
			knownRegions = (
				en,
				Base,
			);
			mainGroup = D784706D2059A1B4000FE0C5;
			productRefGroup = D78470772059A1B4000FE0C5 /* Products */;
			projectDirPath = "";
			projectRoot = "";
			targets = (
				D78470752059A1B4000FE0C5 /* QRApp */,
				D78470892059A1B4000FE0C5 /* QRAppTests */,
			);
		};
/* End PBXProject section */

/* Begin PBXResourcesBuildPhase section */
		D78470742059A1B4000FE0C5 /* Resources */ = {
			isa = PBXResourcesBuildPhase;
			buildActionMask = 2147483647;
			files = (
				D78470842059A1B4000FE0C5 /* LaunchScreen.storyboard in Resources */,
				D78470812059A1B4000FE0C5 /* Assets.xcassets in Resources */,
			);
			runOnlyForDeploymentPostprocessing = 0;
		};
		D78470882059A1B4000FE0C5 /* Resources */ = {
			isa = PBXResourcesBuildPhase;
			buildActionMask = 2147483647;
			files = (
			);
			runOnlyForDeploymentPostprocessing = 0;
		};
/* End PBXResourcesBuildPhase section */

/* Begin PBXShellScriptBuildPhase section */
		D78470A32059C0A3000FE0C5 /* Carthage Setup */ = {
			isa = PBXShellScriptBuildPhase;
			buildActionMask = 12;
			files = (
			);
			inputPaths = (
				"$(SRCROOT)/Carthage/Build/iOS/Result.framework",
				"$(SRCROOT)/Carthage/Build/iOS/SnapKit.framework",
				"$(SRCROOT)/Carthage/Build/iOS/BrightFutures.framework",
			);
			name = "Carthage Setup";
			outputPaths = (
				"$(BUILT_PRODUCTS_DIR)/$(FRAMEWORKS_FOLDER_PATH)/Result.framework",
				"$(BUILT_PRODUCTS_DIR)/$(FRAMEWORKS_FOLDER_PATH)/SnapKit.framework",
				"$(BUILT_PRODUCTS_DIR)/$(FRAMEWORKS_FOLDER_PATH)/BrightFutures.framework",
			);
			runOnlyForDeploymentPostprocessing = 0;
			shellPath = /bin/sh;
			shellScript = "/usr/local/bin/carthage copy-frameworks";
		};
		D78470A42059C1CF000FE0C5 /* Carthage Check For Outdated Dependencies */ = {
			isa = PBXShellScriptBuildPhase;
			buildActionMask = 2147483647;
			files = (
			);
			inputPaths = (
			);
			name = "Carthage Check For Outdated Dependencies";
			outputPaths = (
			);
			runOnlyForDeploymentPostprocessing = 0;
			shellPath = /bin/sh;
			shellScript = "/usr/local/bin/carthage outdated --xcode-warnings\n";
		};
/* End PBXShellScriptBuildPhase section */

/* Begin PBXSourcesBuildPhase section */
		D78470722059A1B4000FE0C5 /* Sources */ = {
			isa = PBXSourcesBuildPhase;
			buildActionMask = 2147483647;
			files = (
				D7D2C091205D74E70035E5EF /* String+Extensions.swift in Sources */,
				D784707C2059A1B4000FE0C5 /* QRBaseViewController.swift in Sources */,
				D74C7E8B205FBCB0000D6085 /* BuildParameters.swift in Sources */,
				D7FA2E8B205DC1C3006E7A4D /* DisplayQRViewController.swift in Sources */,
				D7A57243205F06FF00C3125B /* LoadingIndicatorView.swift in Sources */,
				D7489E2F205D2BB8003D3A63 /* Operation+UI.swift in Sources */,
				D7D2C098205D886E0035E5EF /* AppError.swift in Sources */,
				D7D2C093205D76CE0035E5EF /* Array+Extensions.swift in Sources */,
				D7FA2E8D205E634D006E7A4D /* ActionButtonView.swift in Sources */,
				D74C7E942060154E000D6085 /* Date+Extensions.swift in Sources */,
				D7A5724F205FB2CD00C3125B /* MainViewModel.swift in Sources */,
				D784709B2059AAE8000FE0C5 /* UIColor+Extensions.swift in Sources */,
				D7A57249205F207200C3125B /* Alert.swift in Sources */,
				D7A57245205F15A700C3125B /* ScanQRViewController.swift in Sources */,
				D7A5723E205ED82400C3125B /* QRCode.swift in Sources */,
				D7D2C08D205D370D0035E5EF /* General.swift in Sources */,
				D7A57247205F181F00C3125B /* QRCaptureSession.swift in Sources */,
				D7FA2E89205DC076006E7A4D /* MainViewController.swift in Sources */,
				D7A57234205E72D600C3125B /* ActionButton.swift in Sources */,
				D7489E2D205D29D8003D3A63 /* Operation+FutureKind.swift in Sources */,
				D784707A2059A1B4000FE0C5 /* AppDelegate.swift in Sources */,
				D7D2C08B205D31F40035E5EF /* HTTP.swift in Sources */,
				D7D2C089205D2E960035E5EF /* Backend.swift in Sources */,
				D7A5723C205EB99400C3125B /* UIImage+Extensions.swift in Sources */,
				D74C7E91206013A9000D6085 /* QRMembership.swift in Sources */,
				D7D2C095205D7F790035E5EF /* BaseDictModel.swift in Sources */,
				D7D2C09A205DAA2A0035E5EF /* URLResponse+Extensions.swift in Sources */,
				D7D2C09C205DBB5D0035E5EF /* HTTP+Task.swift in Sources */,
				D7A57238205E9C2E00C3125B /* Int+Extensions.swift in Sources */,
				D74C7E9720602304000D6085 /* QRUserDefaults.swift in Sources */,
				D79B1A91205C1F7F005454EA /* Operation.swift in Sources */,
				D7A5724B205FB25300C3125B /* QRBaseViewModel.swift in Sources */,
				D7A57236205E8CC900C3125B /* TapButton.swift in Sources */,
			);
			runOnlyForDeploymentPostprocessing = 0;
		};
		D78470862059A1B4000FE0C5 /* Sources */ = {
			isa = PBXSourcesBuildPhase;
			buildActionMask = 2147483647;
			files = (
				D7A57252205FB64700C3125B /* HTTP.swift in Sources */,
				D7A57251205FB53300C3125B /* HTTP+Task.swift in Sources */,
				D74C7E8C205FE966000D6085 /* LoadingIndicatorView.swift in Sources */,
				D74C7E88205FB803000D6085 /* AppError.swift in Sources */,
				D7A57257205FB6AB00C3125B /* Operation+FutureKind.swift in Sources */,
				D74C7E89205FBAEC000D6085 /* General.swift in Sources */,
				D74C7E8D205FE9FC000D6085 /* Alert.swift in Sources */,
				D7A57256205FB6A800C3125B /* Operation+UI.swift in Sources */,
				D74C7E92206013A9000D6085 /* QRMembership.swift in Sources */,
				D74C7E952060154E000D6085 /* Date+Extensions.swift in Sources */,
				D7A5724C205FB25300C3125B /* QRBaseViewModel.swift in Sources */,
				D784708F2059A1B4000FE0C5 /* QRAppTests.swift in Sources */,
				D7A5723F205ED82700C3125B /* QRCode.swift in Sources */,
				D7A57255205FB6A300C3125B /* Operation.swift in Sources */,
				D74C7E9820602304000D6085 /* QRUserDefaults.swift in Sources */,
			);
			runOnlyForDeploymentPostprocessing = 0;
		};
/* End PBXSourcesBuildPhase section */

/* Begin PBXTargetDependency section */
		D784708C2059A1B4000FE0C5 /* PBXTargetDependency */ = {
			isa = PBXTargetDependency;
			target = D78470752059A1B4000FE0C5 /* QRApp */;
			targetProxy = D784708B2059A1B4000FE0C5 /* PBXContainerItemProxy */;
		};
/* End PBXTargetDependency section */

/* Begin PBXVariantGroup section */
		D78470822059A1B4000FE0C5 /* LaunchScreen.storyboard */ = {
			isa = PBXVariantGroup;
			children = (
				D78470832059A1B4000FE0C5 /* Base */,
			);
			name = LaunchScreen.storyboard;
			sourceTree = "<group>";
		};
/* End PBXVariantGroup section */

/* Begin XCBuildConfiguration section */
		D78470912059A1B4000FE0C5 /* Debug */ = {
			isa = XCBuildConfiguration;
			buildSettings = {
				ALWAYS_SEARCH_USER_PATHS = NO;
				CLANG_ANALYZER_NONNULL = YES;
				CLANG_ANALYZER_NUMBER_OBJECT_CONVERSION = YES_AGGRESSIVE;
				CLANG_CXX_LANGUAGE_STANDARD = "gnu++14";
				CLANG_CXX_LIBRARY = "libc++";
				CLANG_ENABLE_MODULES = YES;
				CLANG_ENABLE_OBJC_ARC = YES;
				CLANG_WARN_BLOCK_CAPTURE_AUTORELEASING = YES;
				CLANG_WARN_BOOL_CONVERSION = YES;
				CLANG_WARN_COMMA = YES;
				CLANG_WARN_CONSTANT_CONVERSION = YES;
				CLANG_WARN_DIRECT_OBJC_ISA_USAGE = YES_ERROR;
				CLANG_WARN_DOCUMENTATION_COMMENTS = YES;
				CLANG_WARN_EMPTY_BODY = YES;
				CLANG_WARN_ENUM_CONVERSION = YES;
				CLANG_WARN_INFINITE_RECURSION = YES;
				CLANG_WARN_INT_CONVERSION = YES;
				CLANG_WARN_NON_LITERAL_NULL_CONVERSION = YES;
				CLANG_WARN_OBJC_LITERAL_CONVERSION = YES;
				CLANG_WARN_OBJC_ROOT_CLASS = YES_ERROR;
				CLANG_WARN_RANGE_LOOP_ANALYSIS = YES;
				CLANG_WARN_STRICT_PROTOTYPES = YES;
				CLANG_WARN_SUSPICIOUS_MOVE = YES;
				CLANG_WARN_UNGUARDED_AVAILABILITY = YES_AGGRESSIVE;
				CLANG_WARN_UNREACHABLE_CODE = YES;
				CLANG_WARN__DUPLICATE_METHOD_MATCH = YES;
				CODE_SIGN_IDENTITY = "iPhone Developer";
				COPY_PHASE_STRIP = NO;
				DEBUG_INFORMATION_FORMAT = dwarf;
				ENABLE_STRICT_OBJC_MSGSEND = YES;
				ENABLE_TESTABILITY = YES;
				GCC_C_LANGUAGE_STANDARD = gnu11;
				GCC_DYNAMIC_NO_PIC = NO;
				GCC_NO_COMMON_BLOCKS = YES;
				GCC_OPTIMIZATION_LEVEL = 0;
				GCC_PREPROCESSOR_DEFINITIONS = (
					"DEBUG=1",
					"$(inherited)",
				);
				GCC_WARN_64_TO_32_BIT_CONVERSION = YES;
				GCC_WARN_ABOUT_RETURN_TYPE = YES_ERROR;
				GCC_WARN_UNDECLARED_SELECTOR = YES;
				GCC_WARN_UNINITIALIZED_AUTOS = YES_AGGRESSIVE;
				GCC_WARN_UNUSED_FUNCTION = YES;
				GCC_WARN_UNUSED_VARIABLE = YES;
				IPHONEOS_DEPLOYMENT_TARGET = 11.2;
				MTL_ENABLE_DEBUG_INFO = YES;
				ONLY_ACTIVE_ARCH = YES;
				SDKROOT = iphoneos;
				SWIFT_ACTIVE_COMPILATION_CONDITIONS = DEBUG;
				SWIFT_OPTIMIZATION_LEVEL = "-Onone";
			};
			name = Debug;
		};
		D78470922059A1B4000FE0C5 /* Release */ = {
			isa = XCBuildConfiguration;
			buildSettings = {
				ALWAYS_SEARCH_USER_PATHS = NO;
				CLANG_ANALYZER_NONNULL = YES;
				CLANG_ANALYZER_NUMBER_OBJECT_CONVERSION = YES_AGGRESSIVE;
				CLANG_CXX_LANGUAGE_STANDARD = "gnu++14";
				CLANG_CXX_LIBRARY = "libc++";
				CLANG_ENABLE_MODULES = YES;
				CLANG_ENABLE_OBJC_ARC = YES;
				CLANG_WARN_BLOCK_CAPTURE_AUTORELEASING = YES;
				CLANG_WARN_BOOL_CONVERSION = YES;
				CLANG_WARN_COMMA = YES;
				CLANG_WARN_CONSTANT_CONVERSION = YES;
				CLANG_WARN_DIRECT_OBJC_ISA_USAGE = YES_ERROR;
				CLANG_WARN_DOCUMENTATION_COMMENTS = YES;
				CLANG_WARN_EMPTY_BODY = YES;
				CLANG_WARN_ENUM_CONVERSION = YES;
				CLANG_WARN_INFINITE_RECURSION = YES;
				CLANG_WARN_INT_CONVERSION = YES;
				CLANG_WARN_NON_LITERAL_NULL_CONVERSION = YES;
				CLANG_WARN_OBJC_LITERAL_CONVERSION = YES;
				CLANG_WARN_OBJC_ROOT_CLASS = YES_ERROR;
				CLANG_WARN_RANGE_LOOP_ANALYSIS = YES;
				CLANG_WARN_STRICT_PROTOTYPES = YES;
				CLANG_WARN_SUSPICIOUS_MOVE = YES;
				CLANG_WARN_UNGUARDED_AVAILABILITY = YES_AGGRESSIVE;
				CLANG_WARN_UNREACHABLE_CODE = YES;
				CLANG_WARN__DUPLICATE_METHOD_MATCH = YES;
				CODE_SIGN_IDENTITY = "iPhone Developer";
				COPY_PHASE_STRIP = NO;
				DEBUG_INFORMATION_FORMAT = "dwarf-with-dsym";
				ENABLE_NS_ASSERTIONS = NO;
				ENABLE_STRICT_OBJC_MSGSEND = YES;
				GCC_C_LANGUAGE_STANDARD = gnu11;
				GCC_NO_COMMON_BLOCKS = YES;
				GCC_WARN_64_TO_32_BIT_CONVERSION = YES;
				GCC_WARN_ABOUT_RETURN_TYPE = YES_ERROR;
				GCC_WARN_UNDECLARED_SELECTOR = YES;
				GCC_WARN_UNINITIALIZED_AUTOS = YES_AGGRESSIVE;
				GCC_WARN_UNUSED_FUNCTION = YES;
				GCC_WARN_UNUSED_VARIABLE = YES;
				IPHONEOS_DEPLOYMENT_TARGET = 11.2;
				MTL_ENABLE_DEBUG_INFO = NO;
				SDKROOT = iphoneos;
				SWIFT_OPTIMIZATION_LEVEL = "-Owholemodule";
				VALIDATE_PRODUCT = YES;
			};
			name = Release;
		};
		D78470942059A1B4000FE0C5 /* Debug */ = {
			isa = XCBuildConfiguration;
			buildSettings = {
				ASSETCATALOG_COMPILER_APPICON_NAME = AppIcon;
				CODE_SIGN_STYLE = Automatic;
				DEVELOPMENT_TEAM = 38RMUB4555;
				FRAMEWORK_SEARCH_PATHS = "$(SRCROOT)/Carthage/build/iOS";
				GCC_TREAT_WARNINGS_AS_ERRORS = YES;
				INFOPLIST_FILE = QRApp/Plist/Info.plist;
				LD_RUNPATH_SEARCH_PATHS = "$(inherited) @executable_path/Frameworks";
				PRODUCT_BUNDLE_IDENTIFIER = com.villev.QRApp;
				PRODUCT_NAME = "$(TARGET_NAME)";
				SWIFT_VERSION = 4.0;
				TARGETED_DEVICE_FAMILY = "1,2";
			};
			name = Debug;
		};
		D78470952059A1B4000FE0C5 /* Release */ = {
			isa = XCBuildConfiguration;
			buildSettings = {
				ASSETCATALOG_COMPILER_APPICON_NAME = AppIcon;
				CODE_SIGN_STYLE = Automatic;
				DEVELOPMENT_TEAM = 38RMUB4555;
				FRAMEWORK_SEARCH_PATHS = "$(SRCROOT)/Carthage/build/iOS";
				GCC_TREAT_WARNINGS_AS_ERRORS = YES;
				INFOPLIST_FILE = QRApp/Plist/Info.plist;
				LD_RUNPATH_SEARCH_PATHS = "$(inherited) @executable_path/Frameworks";
				PRODUCT_BUNDLE_IDENTIFIER = com.villev.QRApp;
				PRODUCT_NAME = "$(TARGET_NAME)";
				SWIFT_ACTIVE_COMPILATION_CONDITIONS = "";
				SWIFT_VERSION = 4.0;
				TARGETED_DEVICE_FAMILY = "1,2";
			};
			name = Release;
		};
		D78470972059A1B4000FE0C5 /* Debug */ = {
			isa = XCBuildConfiguration;
			buildSettings = {
				ALWAYS_EMBED_SWIFT_STANDARD_LIBRARIES = YES;
				BUNDLE_LOADER = "$(TEST_HOST)";
				CODE_SIGN_STYLE = Automatic;
				DEVELOPMENT_TEAM = 38RMUB4555;
				FRAMEWORK_SEARCH_PATHS = "$(SRCROOT)/Carthage/build/iOS";
				INFOPLIST_FILE = QRAppTests/Info.plist;
				LD_RUNPATH_SEARCH_PATHS = "$(inherited) @executable_path/Frameworks @loader_path/Frameworks";
				PRODUCT_BUNDLE_IDENTIFIER = com.villev.QRAppTests;
				PRODUCT_NAME = "$(TARGET_NAME)";
				SWIFT_VERSION = 4.0;
				TARGETED_DEVICE_FAMILY = "1,2";
				TEST_HOST = "$(BUILT_PRODUCTS_DIR)/QRApp.app/QRApp";
			};
			name = Debug;
		};
		D78470982059A1B4000FE0C5 /* Release */ = {
			isa = XCBuildConfiguration;
			buildSettings = {
				ALWAYS_EMBED_SWIFT_STANDARD_LIBRARIES = YES;
				BUNDLE_LOADER = "$(TEST_HOST)";
				CODE_SIGN_STYLE = Automatic;
				DEVELOPMENT_TEAM = 38RMUB4555;
				FRAMEWORK_SEARCH_PATHS = "$(SRCROOT)/Carthage/build/iOS";
				INFOPLIST_FILE = QRAppTests/Info.plist;
				LD_RUNPATH_SEARCH_PATHS = "$(inherited) @executable_path/Frameworks @loader_path/Frameworks";
				PRODUCT_BUNDLE_IDENTIFIER = com.villev.QRAppTests;
				PRODUCT_NAME = "$(TARGET_NAME)";
				SWIFT_VERSION = 4.0;
				TARGETED_DEVICE_FAMILY = "1,2";
				TEST_HOST = "$(BUILT_PRODUCTS_DIR)/QRApp.app/QRApp";
			};
			name = Release;
		};
/* End XCBuildConfiguration section */

/* Begin XCConfigurationList section */
		D78470712059A1B4000FE0C5 /* Build configuration list for PBXProject "QRApp" */ = {
			isa = XCConfigurationList;
			buildConfigurations = (
				D78470912059A1B4000FE0C5 /* Debug */,
				D78470922059A1B4000FE0C5 /* Release */,
			);
			defaultConfigurationIsVisible = 0;
			defaultConfigurationName = Release;
		};
		D78470932059A1B4000FE0C5 /* Build configuration list for PBXNativeTarget "QRApp" */ = {
			isa = XCConfigurationList;
			buildConfigurations = (
				D78470942059A1B4000FE0C5 /* Debug */,
				D78470952059A1B4000FE0C5 /* Release */,
			);
			defaultConfigurationIsVisible = 0;
			defaultConfigurationName = Release;
		};
		D78470962059A1B4000FE0C5 /* Build configuration list for PBXNativeTarget "QRAppTests" */ = {
			isa = XCConfigurationList;
			buildConfigurations = (
				D78470972059A1B4000FE0C5 /* Debug */,
				D78470982059A1B4000FE0C5 /* Release */,
			);
			defaultConfigurationIsVisible = 0;
			defaultConfigurationName = Release;
		};
/* End XCConfigurationList section */
	};
	rootObject = D784706E2059A1B4000FE0C5 /* Project object */;
}
