// !$*UTF8*$!
{
	archiveVersion = 1;
	classes = {
	};
	objectVersion = 55;
	objects = {

/* Begin PBXBuildFile section */
		4742E4772823C3DB00C85A00 /* AppDelegate.swift in Sources */ = {isa = PBXBuildFile; fileRef = 4742E4762823C3DB00C85A00 /* AppDelegate.swift */; };
		4742E4792823C3DB00C85A00 /* SceneDelegate.swift in Sources */ = {isa = PBXBuildFile; fileRef = 4742E4782823C3DB00C85A00 /* SceneDelegate.swift */; };
		4742E47B2823C3DB00C85A00 /* ViewController.swift in Sources */ = {isa = PBXBuildFile; fileRef = 4742E47A2823C3DB00C85A00 /* ViewController.swift */; };
		4742E47E2823C3DB00C85A00 /* Main.storyboard in Resources */ = {isa = PBXBuildFile; fileRef = 4742E47C2823C3DB00C85A00 /* Main.storyboard */; };
		4742E4802823C3DC00C85A00 /* Assets.xcassets in Resources */ = {isa = PBXBuildFile; fileRef = 4742E47F2823C3DC00C85A00 /* Assets.xcassets */; };
		4742E4832823C3DC00C85A00 /* LaunchScreen.storyboard in Resources */ = {isa = PBXBuildFile; fileRef = 4742E4812823C3DC00C85A00 /* LaunchScreen.storyboard */; };
		4742E48E2823C3DC00C85A00 /* Github_Users_List_AppTests.swift in Sources */ = {isa = PBXBuildFile; fileRef = 4742E48D2823C3DC00C85A00 /* Github_Users_List_AppTests.swift */; };
		4742E4982823C3DC00C85A00 /* Github_Users_List_AppUITests.swift in Sources */ = {isa = PBXBuildFile; fileRef = 4742E4972823C3DC00C85A00 /* Github_Users_List_AppUITests.swift */; };
		4742E49A2823C3DC00C85A00 /* Github_Users_List_AppUITestsLaunchTests.swift in Sources */ = {isa = PBXBuildFile; fileRef = 4742E4992823C3DC00C85A00 /* Github_Users_List_AppUITestsLaunchTests.swift */; };
/* End PBXBuildFile section */

/* Begin PBXContainerItemProxy section */
		4742E48A2823C3DC00C85A00 /* PBXContainerItemProxy */ = {
			isa = PBXContainerItemProxy;
			containerPortal = 4742E46B2823C3DB00C85A00 /* Project object */;
			proxyType = 1;
			remoteGlobalIDString = 4742E4722823C3DB00C85A00;
			remoteInfo = "Github-Users-List-App";
		};
		4742E4942823C3DC00C85A00 /* PBXContainerItemProxy */ = {
			isa = PBXContainerItemProxy;
			containerPortal = 4742E46B2823C3DB00C85A00 /* Project object */;
			proxyType = 1;
			remoteGlobalIDString = 4742E4722823C3DB00C85A00;
			remoteInfo = "Github-Users-List-App";
		};
/* End PBXContainerItemProxy section */

/* Begin PBXFileReference section */
		4742E4732823C3DB00C85A00 /* Github-Users-List-App.app */ = {isa = PBXFileReference; explicitFileType = wrapper.application; includeInIndex = 0; path = "Github-Users-List-App.app"; sourceTree = BUILT_PRODUCTS_DIR; };
		4742E4762823C3DB00C85A00 /* AppDelegate.swift */ = {isa = PBXFileReference; lastKnownFileType = sourcecode.swift; path = AppDelegate.swift; sourceTree = "<group>"; };
		4742E4782823C3DB00C85A00 /* SceneDelegate.swift */ = {isa = PBXFileReference; lastKnownFileType = sourcecode.swift; path = SceneDelegate.swift; sourceTree = "<group>"; };
		4742E47A2823C3DB00C85A00 /* ViewController.swift */ = {isa = PBXFileReference; lastKnownFileType = sourcecode.swift; path = ViewController.swift; sourceTree = "<group>"; };
		4742E47D2823C3DB00C85A00 /* Base */ = {isa = PBXFileReference; lastKnownFileType = file.storyboard; name = Base; path = Base.lproj/Main.storyboard; sourceTree = "<group>"; };
		4742E47F2823C3DC00C85A00 /* Assets.xcassets */ = {isa = PBXFileReference; lastKnownFileType = folder.assetcatalog; path = Assets.xcassets; sourceTree = "<group>"; };
		4742E4822823C3DC00C85A00 /* Base */ = {isa = PBXFileReference; lastKnownFileType = file.storyboard; name = Base; path = Base.lproj/LaunchScreen.storyboard; sourceTree = "<group>"; };
		4742E4842823C3DC00C85A00 /* Info.plist */ = {isa = PBXFileReference; lastKnownFileType = text.plist.xml; path = Info.plist; sourceTree = "<group>"; };
		4742E4892823C3DC00C85A00 /* Github-Users-List-AppTests.xctest */ = {isa = PBXFileReference; explicitFileType = wrapper.cfbundle; includeInIndex = 0; path = "Github-Users-List-AppTests.xctest"; sourceTree = BUILT_PRODUCTS_DIR; };
		4742E48D2823C3DC00C85A00 /* Github_Users_List_AppTests.swift */ = {isa = PBXFileReference; lastKnownFileType = sourcecode.swift; path = Github_Users_List_AppTests.swift; sourceTree = "<group>"; };
		4742E4932823C3DC00C85A00 /* Github-Users-List-AppUITests.xctest */ = {isa = PBXFileReference; explicitFileType = wrapper.cfbundle; includeInIndex = 0; path = "Github-Users-List-AppUITests.xctest"; sourceTree = BUILT_PRODUCTS_DIR; };
		4742E4972823C3DC00C85A00 /* Github_Users_List_AppUITests.swift */ = {isa = PBXFileReference; lastKnownFileType = sourcecode.swift; path = Github_Users_List_AppUITests.swift; sourceTree = "<group>"; };
		4742E4992823C3DC00C85A00 /* Github_Users_List_AppUITestsLaunchTests.swift */ = {isa = PBXFileReference; lastKnownFileType = sourcecode.swift; path = Github_Users_List_AppUITestsLaunchTests.swift; sourceTree = "<group>"; };
/* End PBXFileReference section */

/* Begin PBXFrameworksBuildPhase section */
		4742E4702823C3DB00C85A00 /* Frameworks */ = {
			isa = PBXFrameworksBuildPhase;
			buildActionMask = 2147483647;
			files = (
			);
			runOnlyForDeploymentPostprocessing = 0;
		};
		4742E4862823C3DC00C85A00 /* Frameworks */ = {
			isa = PBXFrameworksBuildPhase;
			buildActionMask = 2147483647;
			files = (
			);
			runOnlyForDeploymentPostprocessing = 0;
		};
		4742E4902823C3DC00C85A00 /* Frameworks */ = {
			isa = PBXFrameworksBuildPhase;
			buildActionMask = 2147483647;
			files = (
			);
			runOnlyForDeploymentPostprocessing = 0;
		};
/* End PBXFrameworksBuildPhase section */

/* Begin PBXGroup section */
		4742E46A2823C3DB00C85A00 = {
			isa = PBXGroup;
			children = (
				4742E4752823C3DB00C85A00 /* Github-Users-List-App */,
				4742E48C2823C3DC00C85A00 /* Github-Users-List-AppTests */,
				4742E4962823C3DC00C85A00 /* Github-Users-List-AppUITests */,
				4742E4742823C3DB00C85A00 /* Products */,
			);
			sourceTree = "<group>";
		};
		4742E4742823C3DB00C85A00 /* Products */ = {
			isa = PBXGroup;
			children = (
				4742E4732823C3DB00C85A00 /* Github-Users-List-App.app */,
				4742E4892823C3DC00C85A00 /* Github-Users-List-AppTests.xctest */,
				4742E4932823C3DC00C85A00 /* Github-Users-List-AppUITests.xctest */,
			);
			name = Products;
			sourceTree = "<group>";
		};
		4742E4752823C3DB00C85A00 /* Github-Users-List-App */ = {
			isa = PBXGroup;
			children = (
				4742E4762823C3DB00C85A00 /* AppDelegate.swift */,
				4742E4782823C3DB00C85A00 /* SceneDelegate.swift */,
				4742E47A2823C3DB00C85A00 /* ViewController.swift */,
				4742E47C2823C3DB00C85A00 /* Main.storyboard */,
				4742E47F2823C3DC00C85A00 /* Assets.xcassets */,
				4742E4812823C3DC00C85A00 /* LaunchScreen.storyboard */,
				4742E4842823C3DC00C85A00 /* Info.plist */,
			);
			path = "Github-Users-List-App";
			sourceTree = "<group>";
		};
		4742E48C2823C3DC00C85A00 /* Github-Users-List-AppTests */ = {
			isa = PBXGroup;
			children = (
				4742E48D2823C3DC00C85A00 /* Github_Users_List_AppTests.swift */,
			);
			path = "Github-Users-List-AppTests";
			sourceTree = "<group>";
		};
		4742E4962823C3DC00C85A00 /* Github-Users-List-AppUITests */ = {
			isa = PBXGroup;
			children = (
				4742E4972823C3DC00C85A00 /* Github_Users_List_AppUITests.swift */,
				4742E4992823C3DC00C85A00 /* Github_Users_List_AppUITestsLaunchTests.swift */,
			);
			path = "Github-Users-List-AppUITests";
			sourceTree = "<group>";
		};
/* End PBXGroup section */

/* Begin PBXNativeTarget section */
		4742E4722823C3DB00C85A00 /* Github-Users-List-App */ = {
			isa = PBXNativeTarget;
			buildConfigurationList = 4742E49D2823C3DC00C85A00 /* Build configuration list for PBXNativeTarget "Github-Users-List-App" */;
			buildPhases = (
				4742E46F2823C3DB00C85A00 /* Sources */,
				4742E4702823C3DB00C85A00 /* Frameworks */,
				4742E4712823C3DB00C85A00 /* Resources */,
			);
			buildRules = (
			);
			dependencies = (
			);
			name = "Github-Users-List-App";
			productName = "Github-Users-List-App";
			productReference = 4742E4732823C3DB00C85A00 /* Github-Users-List-App.app */;
			productType = "com.apple.product-type.application";
		};
		4742E4882823C3DC00C85A00 /* Github-Users-List-AppTests */ = {
			isa = PBXNativeTarget;
			buildConfigurationList = 4742E4A02823C3DC00C85A00 /* Build configuration list for PBXNativeTarget "Github-Users-List-AppTests" */;
			buildPhases = (
				4742E4852823C3DC00C85A00 /* Sources */,
				4742E4862823C3DC00C85A00 /* Frameworks */,
				4742E4872823C3DC00C85A00 /* Resources */,
			);
			buildRules = (
			);
			dependencies = (
				4742E48B2823C3DC00C85A00 /* PBXTargetDependency */,
			);
			name = "Github-Users-List-AppTests";
			productName = "Github-Users-List-AppTests";
			productReference = 4742E4892823C3DC00C85A00 /* Github-Users-List-AppTests.xctest */;
			productType = "com.apple.product-type.bundle.unit-test";
		};
		4742E4922823C3DC00C85A00 /* Github-Users-List-AppUITests */ = {
			isa = PBXNativeTarget;
			buildConfigurationList = 4742E4A32823C3DC00C85A00 /* Build configuration list for PBXNativeTarget "Github-Users-List-AppUITests" */;
			buildPhases = (
				4742E48F2823C3DC00C85A00 /* Sources */,
				4742E4902823C3DC00C85A00 /* Frameworks */,
				4742E4912823C3DC00C85A00 /* Resources */,
			);
			buildRules = (
			);
			dependencies = (
				4742E4952823C3DC00C85A00 /* PBXTargetDependency */,
			);
			name = "Github-Users-List-AppUITests";
			productName = "Github-Users-List-AppUITests";
			productReference = 4742E4932823C3DC00C85A00 /* Github-Users-List-AppUITests.xctest */;
			productType = "com.apple.product-type.bundle.ui-testing";
		};
/* End PBXNativeTarget section */

/* Begin PBXProject section */
		4742E46B2823C3DB00C85A00 /* Project object */ = {
			isa = PBXProject;
			attributes = {
				BuildIndependentTargetsInParallel = 1;
				LastSwiftUpdateCheck = 1330;
				LastUpgradeCheck = 1330;
				TargetAttributes = {
					4742E4722823C3DB00C85A00 = {
						CreatedOnToolsVersion = 13.3.1;
					};
					4742E4882823C3DC00C85A00 = {
						CreatedOnToolsVersion = 13.3.1;
						TestTargetID = 4742E4722823C3DB00C85A00;
					};
					4742E4922823C3DC00C85A00 = {
						CreatedOnToolsVersion = 13.3.1;
						TestTargetID = 4742E4722823C3DB00C85A00;
					};
				};
			};
			buildConfigurationList = 4742E46E2823C3DB00C85A00 /* Build configuration list for PBXProject "Github-Users-List-App" */;
			compatibilityVersion = "Xcode 13.0";
			developmentRegion = en;
			hasScannedForEncodings = 0;
			knownRegions = (
				en,
				Base,
			);
			mainGroup = 4742E46A2823C3DB00C85A00;
			productRefGroup = 4742E4742823C3DB00C85A00 /* Products */;
			projectDirPath = "";
			projectRoot = "";
			targets = (
				4742E4722823C3DB00C85A00 /* Github-Users-List-App */,
				4742E4882823C3DC00C85A00 /* Github-Users-List-AppTests */,
				4742E4922823C3DC00C85A00 /* Github-Users-List-AppUITests */,
			);
		};
/* End PBXProject section */

/* Begin PBXResourcesBuildPhase section */
		4742E4712823C3DB00C85A00 /* Resources */ = {
			isa = PBXResourcesBuildPhase;
			buildActionMask = 2147483647;
			files = (
				4742E4832823C3DC00C85A00 /* LaunchScreen.storyboard in Resources */,
				4742E4802823C3DC00C85A00 /* Assets.xcassets in Resources */,
				4742E47E2823C3DB00C85A00 /* Main.storyboard in Resources */,
			);
			runOnlyForDeploymentPostprocessing = 0;
		};
		4742E4872823C3DC00C85A00 /* Resources */ = {
			isa = PBXResourcesBuildPhase;
			buildActionMask = 2147483647;
			files = (
			);
			runOnlyForDeploymentPostprocessing = 0;
		};
		4742E4912823C3DC00C85A00 /* Resources */ = {
			isa = PBXResourcesBuildPhase;
			buildActionMask = 2147483647;
			files = (
			);
			runOnlyForDeploymentPostprocessing = 0;
		};
/* End PBXResourcesBuildPhase section */

/* Begin PBXSourcesBuildPhase section */
		4742E46F2823C3DB00C85A00 /* Sources */ = {
			isa = PBXSourcesBuildPhase;
			buildActionMask = 2147483647;
			files = (
				4742E47B2823C3DB00C85A00 /* ViewController.swift in Sources */,
				4742E4772823C3DB00C85A00 /* AppDelegate.swift in Sources */,
				4742E4792823C3DB00C85A00 /* SceneDelegate.swift in Sources */,
			);
			runOnlyForDeploymentPostprocessing = 0;
		};
		4742E4852823C3DC00C85A00 /* Sources */ = {
			isa = PBXSourcesBuildPhase;
			buildActionMask = 2147483647;
			files = (
				4742E48E2823C3DC00C85A00 /* Github_Users_List_AppTests.swift in Sources */,
			);
			runOnlyForDeploymentPostprocessing = 0;
		};
		4742E48F2823C3DC00C85A00 /* Sources */ = {
			isa = PBXSourcesBuildPhase;
			buildActionMask = 2147483647;
			files = (
				4742E49A2823C3DC00C85A00 /* Github_Users_List_AppUITestsLaunchTests.swift in Sources */,
				4742E4982823C3DC00C85A00 /* Github_Users_List_AppUITests.swift in Sources */,
			);
			runOnlyForDeploymentPostprocessing = 0;
		};
/* End PBXSourcesBuildPhase section */

/* Begin PBXTargetDependency section */
		4742E48B2823C3DC00C85A00 /* PBXTargetDependency */ = {
			isa = PBXTargetDependency;
			target = 4742E4722823C3DB00C85A00 /* Github-Users-List-App */;
			targetProxy = 4742E48A2823C3DC00C85A00 /* PBXContainerItemProxy */;
		};
		4742E4952823C3DC00C85A00 /* PBXTargetDependency */ = {
			isa = PBXTargetDependency;
			target = 4742E4722823C3DB00C85A00 /* Github-Users-List-App */;
			targetProxy = 4742E4942823C3DC00C85A00 /* PBXContainerItemProxy */;
		};
/* End PBXTargetDependency section */

/* Begin PBXVariantGroup section */
		4742E47C2823C3DB00C85A00 /* Main.storyboard */ = {
			isa = PBXVariantGroup;
			children = (
				4742E47D2823C3DB00C85A00 /* Base */,
			);
			name = Main.storyboard;
			sourceTree = "<group>";
		};
		4742E4812823C3DC00C85A00 /* LaunchScreen.storyboard */ = {
			isa = PBXVariantGroup;
			children = (
				4742E4822823C3DC00C85A00 /* Base */,
			);
			name = LaunchScreen.storyboard;
			sourceTree = "<group>";
		};
/* End PBXVariantGroup section */

/* Begin XCBuildConfiguration section */
		4742E49B2823C3DC00C85A00 /* Debug */ = {
			isa = XCBuildConfiguration;
			buildSettings = {
				ALWAYS_SEARCH_USER_PATHS = NO;
				CLANG_ANALYZER_NONNULL = YES;
				CLANG_ANALYZER_NUMBER_OBJECT_CONVERSION = YES_AGGRESSIVE;
				CLANG_CXX_LANGUAGE_STANDARD = "gnu++17";
				CLANG_ENABLE_MODULES = YES;
				CLANG_ENABLE_OBJC_ARC = YES;
				CLANG_ENABLE_OBJC_WEAK = YES;
				CLANG_WARN_BLOCK_CAPTURE_AUTORELEASING = YES;
				CLANG_WARN_BOOL_CONVERSION = YES;
				CLANG_WARN_COMMA = YES;
				CLANG_WARN_CONSTANT_CONVERSION = YES;
				CLANG_WARN_DEPRECATED_OBJC_IMPLEMENTATIONS = YES;
				CLANG_WARN_DIRECT_OBJC_ISA_USAGE = YES_ERROR;
				CLANG_WARN_DOCUMENTATION_COMMENTS = YES;
				CLANG_WARN_EMPTY_BODY = YES;
				CLANG_WARN_ENUM_CONVERSION = YES;
				CLANG_WARN_INFINITE_RECURSION = YES;
				CLANG_WARN_INT_CONVERSION = YES;
				CLANG_WARN_NON_LITERAL_NULL_CONVERSION = YES;
				CLANG_WARN_OBJC_IMPLICIT_RETAIN_SELF = YES;
				CLANG_WARN_OBJC_LITERAL_CONVERSION = YES;
				CLANG_WARN_OBJC_ROOT_CLASS = YES_ERROR;
				CLANG_WARN_QUOTED_INCLUDE_IN_FRAMEWORK_HEADER = YES;
				CLANG_WARN_RANGE_LOOP_ANALYSIS = YES;
				CLANG_WARN_STRICT_PROTOTYPES = YES;
				CLANG_WARN_SUSPICIOUS_MOVE = YES;
				CLANG_WARN_UNGUARDED_AVAILABILITY = YES_AGGRESSIVE;
				CLANG_WARN_UNREACHABLE_CODE = YES;
				CLANG_WARN__DUPLICATE_METHOD_MATCH = YES;
				COPY_PHASE_STRIP = NO;
				DEBUG_INFORMATION_FORMAT = dwarf;
				ENABLE_STRICT_OBJC_MSGSEND = YES;
				ENABLE_TESTABILITY = YES;
				GCC_C_LANGUAGE_STANDARD = gnu11;
				GCC_DYNAMIC_NO_PIC = NO;
				GCC_NO_COMMON_BLOCKS = YES;
				GCC_OPTIMIZATION_LEVEL = 0;
				GCC_PREPROCESSOR_DEFINITIONS = (
					"DEBUG=1",
					"$(inherited)",
				);
				GCC_WARN_64_TO_32_BIT_CONVERSION = YES;
				GCC_WARN_ABOUT_RETURN_TYPE = YES_ERROR;
				GCC_WARN_UNDECLARED_SELECTOR = YES;
				GCC_WARN_UNINITIALIZED_AUTOS = YES_AGGRESSIVE;
				GCC_WARN_UNUSED_FUNCTION = YES;
				GCC_WARN_UNUSED_VARIABLE = YES;
				IPHONEOS_DEPLOYMENT_TARGET = 15.4;
				MTL_ENABLE_DEBUG_INFO = INCLUDE_SOURCE;
				MTL_FAST_MATH = YES;
				ONLY_ACTIVE_ARCH = YES;
				SDKROOT = iphoneos;
				SWIFT_ACTIVE_COMPILATION_CONDITIONS = DEBUG;
				SWIFT_OPTIMIZATION_LEVEL = "-Onone";
			};
			name = Debug;
		};
		4742E49C2823C3DC00C85A00 /* Release */ = {
			isa = XCBuildConfiguration;
			buildSettings = {
				ALWAYS_SEARCH_USER_PATHS = NO;
				CLANG_ANALYZER_NONNULL = YES;
				CLANG_ANALYZER_NUMBER_OBJECT_CONVERSION = YES_AGGRESSIVE;
				CLANG_CXX_LANGUAGE_STANDARD = "gnu++17";
				CLANG_ENABLE_MODULES = YES;
				CLANG_ENABLE_OBJC_ARC = YES;
				CLANG_ENABLE_OBJC_WEAK = YES;
				CLANG_WARN_BLOCK_CAPTURE_AUTORELEASING = YES;
				CLANG_WARN_BOOL_CONVERSION = YES;
				CLANG_WARN_COMMA = YES;
				CLANG_WARN_CONSTANT_CONVERSION = YES;
				CLANG_WARN_DEPRECATED_OBJC_IMPLEMENTATIONS = YES;
				CLANG_WARN_DIRECT_OBJC_ISA_USAGE = YES_ERROR;
				CLANG_WARN_DOCUMENTATION_COMMENTS = YES;
				CLANG_WARN_EMPTY_BODY = YES;
				CLANG_WARN_ENUM_CONVERSION = YES;
				CLANG_WARN_INFINITE_RECURSION = YES;
				CLANG_WARN_INT_CONVERSION = YES;
				CLANG_WARN_NON_LITERAL_NULL_CONVERSION = YES;
				CLANG_WARN_OBJC_IMPLICIT_RETAIN_SELF = YES;
				CLANG_WARN_OBJC_LITERAL_CONVERSION = YES;
				CLANG_WARN_OBJC_ROOT_CLASS = YES_ERROR;
				CLANG_WARN_QUOTED_INCLUDE_IN_FRAMEWORK_HEADER = YES;
				CLANG_WARN_RANGE_LOOP_ANALYSIS = YES;
				CLANG_WARN_STRICT_PROTOTYPES = YES;
				CLANG_WARN_SUSPICIOUS_MOVE = YES;
				CLANG_WARN_UNGUARDED_AVAILABILITY = YES_AGGRESSIVE;
				CLANG_WARN_UNREACHABLE_CODE = YES;
				CLANG_WARN__DUPLICATE_METHOD_MATCH = YES;
				COPY_PHASE_STRIP = NO;
				DEBUG_INFORMATION_FORMAT = "dwarf-with-dsym";
				ENABLE_NS_ASSERTIONS = NO;
				ENABLE_STRICT_OBJC_MSGSEND = YES;
				GCC_C_LANGUAGE_STANDARD = gnu11;
				GCC_NO_COMMON_BLOCKS = YES;
				GCC_WARN_64_TO_32_BIT_CONVERSION = YES;
				GCC_WARN_ABOUT_RETURN_TYPE = YES_ERROR;
				GCC_WARN_UNDECLARED_SELECTOR = YES;
				GCC_WARN_UNINITIALIZED_AUTOS = YES_AGGRESSIVE;
				GCC_WARN_UNUSED_FUNCTION = YES;
				GCC_WARN_UNUSED_VARIABLE = YES;
				IPHONEOS_DEPLOYMENT_TARGET = 15.4;
				MTL_ENABLE_DEBUG_INFO = NO;
				MTL_FAST_MATH = YES;
				SDKROOT = iphoneos;
				SWIFT_COMPILATION_MODE = wholemodule;
				SWIFT_OPTIMIZATION_LEVEL = "-O";
				VALIDATE_PRODUCT = YES;
			};
			name = Release;
		};
		4742E49E2823C3DC00C85A00 /* Debug */ = {
			isa = XCBuildConfiguration;
			buildSettings = {
				ASSETCATALOG_COMPILER_APPICON_NAME = AppIcon;
				ASSETCATALOG_COMPILER_GLOBAL_ACCENT_COLOR_NAME = AccentColor;
				CODE_SIGN_STYLE = Automatic;
				CURRENT_PROJECT_VERSION = 1;
				DEVELOPMENT_TEAM = MRV4V6ZTCS;
				GENERATE_INFOPLIST_FILE = YES;
				INFOPLIST_FILE = "Github-Users-List-App/Info.plist";
				INFOPLIST_KEY_UIApplicationSupportsIndirectInputEvents = YES;
				INFOPLIST_KEY_UILaunchStoryboardName = LaunchScreen;
				INFOPLIST_KEY_UIMainStoryboardFile = Main;
				INFOPLIST_KEY_UISupportedInterfaceOrientations_iPad = "UIInterfaceOrientationPortrait UIInterfaceOrientationPortraitUpsideDown UIInterfaceOrientationLandscapeLeft UIInterfaceOrientationLandscapeRight";
				INFOPLIST_KEY_UISupportedInterfaceOrientations_iPhone = "UIInterfaceOrientationPortrait UIInterfaceOrientationLandscapeLeft UIInterfaceOrientationLandscapeRight";
				LD_RUNPATH_SEARCH_PATHS = (
					"$(inherited)",
					"@executable_path/Frameworks",
				);
				MARKETING_VERSION = 1.0;
				PRODUCT_BUNDLE_IDENTIFIER = "com.devlinlin.Github-Users-List-App";
				PRODUCT_NAME = "$(TARGET_NAME)";
				SWIFT_EMIT_LOC_STRINGS = YES;
				SWIFT_VERSION = 5.0;
				TARGETED_DEVICE_FAMILY = "1,2";
			};
			name = Debug;
		};
		4742E49F2823C3DC00C85A00 /* Release */ = {
			isa = XCBuildConfiguration;
			buildSettings = {
				ASSETCATALOG_COMPILER_APPICON_NAME = AppIcon;
				ASSETCATALOG_COMPILER_GLOBAL_ACCENT_COLOR_NAME = AccentColor;
				CODE_SIGN_STYLE = Automatic;
				CURRENT_PROJECT_VERSION = 1;
				DEVELOPMENT_TEAM = MRV4V6ZTCS;
				GENERATE_INFOPLIST_FILE = YES;
				INFOPLIST_FILE = "Github-Users-List-App/Info.plist";
				INFOPLIST_KEY_UIApplicationSupportsIndirectInputEvents = YES;
				INFOPLIST_KEY_UILaunchStoryboardName = LaunchScreen;
				INFOPLIST_KEY_UIMainStoryboardFile = Main;
				INFOPLIST_KEY_UISupportedInterfaceOrientations_iPad = "UIInterfaceOrientationPortrait UIInterfaceOrientationPortraitUpsideDown UIInterfaceOrientationLandscapeLeft UIInterfaceOrientationLandscapeRight";
				INFOPLIST_KEY_UISupportedInterfaceOrientations_iPhone = "UIInterfaceOrientationPortrait UIInterfaceOrientationLandscapeLeft UIInterfaceOrientationLandscapeRight";
				LD_RUNPATH_SEARCH_PATHS = (
					"$(inherited)",
					"@executable_path/Frameworks",
				);
				MARKETING_VERSION = 1.0;
				PRODUCT_BUNDLE_IDENTIFIER = "com.devlinlin.Github-Users-List-App";
				PRODUCT_NAME = "$(TARGET_NAME)";
				SWIFT_EMIT_LOC_STRINGS = YES;
				SWIFT_VERSION = 5.0;
				TARGETED_DEVICE_FAMILY = "1,2";
			};
			name = Release;
		};
		4742E4A12823C3DC00C85A00 /* Debug */ = {
			isa = XCBuildConfiguration;
			buildSettings = {
				ALWAYS_EMBED_SWIFT_STANDARD_LIBRARIES = YES;
				BUNDLE_LOADER = "$(TEST_HOST)";
				CODE_SIGN_STYLE = Automatic;
				CURRENT_PROJECT_VERSION = 1;
				DEVELOPMENT_TEAM = MRV4V6ZTCS;
				GENERATE_INFOPLIST_FILE = YES;
				IPHONEOS_DEPLOYMENT_TARGET = 15.4;
				MARKETING_VERSION = 1.0;
				PRODUCT_BUNDLE_IDENTIFIER = "com.devlinlin.Github-Users-List-AppTests";
				PRODUCT_NAME = "$(TARGET_NAME)";
				SWIFT_EMIT_LOC_STRINGS = NO;
				SWIFT_VERSION = 5.0;
				TARGETED_DEVICE_FAMILY = "1,2";
				TEST_HOST = "$(BUILT_PRODUCTS_DIR)/Github-Users-List-App.app/Github-Users-List-App";
			};
			name = Debug;
		};
		4742E4A22823C3DC00C85A00 /* Release */ = {
			isa = XCBuildConfiguration;
			buildSettings = {
				ALWAYS_EMBED_SWIFT_STANDARD_LIBRARIES = YES;
				BUNDLE_LOADER = "$(TEST_HOST)";
				CODE_SIGN_STYLE = Automatic;
				CURRENT_PROJECT_VERSION = 1;
				DEVELOPMENT_TEAM = MRV4V6ZTCS;
				GENERATE_INFOPLIST_FILE = YES;
				IPHONEOS_DEPLOYMENT_TARGET = 15.4;
				MARKETING_VERSION = 1.0;
				PRODUCT_BUNDLE_IDENTIFIER = "com.devlinlin.Github-Users-List-AppTests";
				PRODUCT_NAME = "$(TARGET_NAME)";
				SWIFT_EMIT_LOC_STRINGS = NO;
				SWIFT_VERSION = 5.0;
				TARGETED_DEVICE_FAMILY = "1,2";
				TEST_HOST = "$(BUILT_PRODUCTS_DIR)/Github-Users-List-App.app/Github-Users-List-App";
			};
			name = Release;
		};
		4742E4A42823C3DC00C85A00 /* Debug */ = {
			isa = XCBuildConfiguration;
			buildSettings = {
				ALWAYS_EMBED_SWIFT_STANDARD_LIBRARIES = YES;
				CODE_SIGN_STYLE = Automatic;
				CURRENT_PROJECT_VERSION = 1;
				DEVELOPMENT_TEAM = MRV4V6ZTCS;
				GENERATE_INFOPLIST_FILE = YES;
				MARKETING_VERSION = 1.0;
				PRODUCT_BUNDLE_IDENTIFIER = "com.devlinlin.Github-Users-List-AppUITests";
				PRODUCT_NAME = "$(TARGET_NAME)";
				SWIFT_EMIT_LOC_STRINGS = NO;
				SWIFT_VERSION = 5.0;
				TARGETED_DEVICE_FAMILY = "1,2";
				TEST_TARGET_NAME = "Github-Users-List-App";
			};
			name = Debug;
		};
		4742E4A52823C3DC00C85A00 /* Release */ = {
			isa = XCBuildConfiguration;
			buildSettings = {
				ALWAYS_EMBED_SWIFT_STANDARD_LIBRARIES = YES;
				CODE_SIGN_STYLE = Automatic;
				CURRENT_PROJECT_VERSION = 1;
				DEVELOPMENT_TEAM = MRV4V6ZTCS;
				GENERATE_INFOPLIST_FILE = YES;
				MARKETING_VERSION = 1.0;
				PRODUCT_BUNDLE_IDENTIFIER = "com.devlinlin.Github-Users-List-AppUITests";
				PRODUCT_NAME = "$(TARGET_NAME)";
				SWIFT_EMIT_LOC_STRINGS = NO;
				SWIFT_VERSION = 5.0;
				TARGETED_DEVICE_FAMILY = "1,2";
				TEST_TARGET_NAME = "Github-Users-List-App";
			};
			name = Release;
		};
/* End XCBuildConfiguration section */

/* Begin XCConfigurationList section */
		4742E46E2823C3DB00C85A00 /* Build configuration list for PBXProject "Github-Users-List-App" */ = {
			isa = XCConfigurationList;
			buildConfigurations = (
				4742E49B2823C3DC00C85A00 /* Debug */,
				4742E49C2823C3DC00C85A00 /* Release */,
			);
			defaultConfigurationIsVisible = 0;
			defaultConfigurationName = Release;
		};
		4742E49D2823C3DC00C85A00 /* Build configuration list for PBXNativeTarget "Github-Users-List-App" */ = {
			isa = XCConfigurationList;
			buildConfigurations = (
				4742E49E2823C3DC00C85A00 /* Debug */,
				4742E49F2823C3DC00C85A00 /* Release */,
			);
			defaultConfigurationIsVisible = 0;
			defaultConfigurationName = Release;
		};
		4742E4A02823C3DC00C85A00 /* Build configuration list for PBXNativeTarget "Github-Users-List-AppTests" */ = {
			isa = XCConfigurationList;
			buildConfigurations = (
				4742E4A12823C3DC00C85A00 /* Debug */,
				4742E4A22823C3DC00C85A00 /* Release */,
			);
			defaultConfigurationIsVisible = 0;
			defaultConfigurationName = Release;
		};
		4742E4A32823C3DC00C85A00 /* Build configuration list for PBXNativeTarget "Github-Users-List-AppUITests" */ = {
			isa = XCConfigurationList;
			buildConfigurations = (
				4742E4A42823C3DC00C85A00 /* Debug */,
				4742E4A52823C3DC00C85A00 /* Release */,
			);
			defaultConfigurationIsVisible = 0;
			defaultConfigurationName = Release;
		};
/* End XCConfigurationList section */
	};
	rootObject = 4742E46B2823C3DB00C85A00 /* Project object */;
}
