// !$*UTF8*$!
{
	archiveVersion = 1;
	classes = {
	};
	objectVersion = 52;
	objects = {

/* Begin PBXBuildFile section */
		184914AD24C63E0800001271 /* ViewModelType.swift in Sources */ = {isa = PBXBuildFile; fileRef = 184914AC24C63E0800001271 /* ViewModelType.swift */; };
		184914AE24C63E0800001271 /* ViewModelType.swift in Sources */ = {isa = PBXBuildFile; fileRef = 184914AC24C63E0800001271 /* ViewModelType.swift */; };
		18506AFA24C583F30027EFFE /* AppDelegate.swift in Sources */ = {isa = PBXBuildFile; fileRef = 18506AF924C583F30027EFFE /* AppDelegate.swift */; };
		18506AFC24C583F30027EFFE /* SceneDelegate.swift in Sources */ = {isa = PBXBuildFile; fileRef = 18506AFB24C583F30027EFFE /* SceneDelegate.swift */; };
		18506AFE24C583F30027EFFE /* SearchViewController.swift in Sources */ = {isa = PBXBuildFile; fileRef = 18506AFD24C583F30027EFFE /* SearchViewController.swift */; };
		18506B0124C583F30027EFFE /* Main.storyboard in Resources */ = {isa = PBXBuildFile; fileRef = 18506AFF24C583F30027EFFE /* Main.storyboard */; };
		18506B0324C583F40027EFFE /* Assets.xcassets in Resources */ = {isa = PBXBuildFile; fileRef = 18506B0224C583F40027EFFE /* Assets.xcassets */; };
		18506B0624C583F40027EFFE /* LaunchScreen.storyboard in Resources */ = {isa = PBXBuildFile; fileRef = 18506B0424C583F40027EFFE /* LaunchScreen.storyboard */; };
		18506B1124C583F40027EFFE /* GithubUsesTests.swift in Sources */ = {isa = PBXBuildFile; fileRef = 18506B1024C583F40027EFFE /* GithubUsesTests.swift */; };
		18506B1C24C583F40027EFFE /* GithubUsesUITests.swift in Sources */ = {isa = PBXBuildFile; fileRef = 18506B1B24C583F40027EFFE /* GithubUsesUITests.swift */; };
		18506B2B24C589050027EFFE /* RxSwift in Frameworks */ = {isa = PBXBuildFile; productRef = 18506B2A24C589050027EFFE /* RxSwift */; };
		18506B2D24C589050027EFFE /* RxCocoa in Frameworks */ = {isa = PBXBuildFile; productRef = 18506B2C24C589050027EFFE /* RxCocoa */; };
		18506B3124C5AA350027EFFE /* Moya in Frameworks */ = {isa = PBXBuildFile; productRef = 18506B3024C5AA350027EFFE /* Moya */; };
		18506B3324C5AA350027EFFE /* RxMoya in Frameworks */ = {isa = PBXBuildFile; productRef = 18506B3224C5AA350027EFFE /* RxMoya */; };
		18506B3624C5AA920027EFFE /* GithubUser.swift in Sources */ = {isa = PBXBuildFile; fileRef = 18506B3524C5AA920027EFFE /* GithubUser.swift */; };
		18506B3924C5AE150027EFFE /* users.json in Resources */ = {isa = PBXBuildFile; fileRef = 18506B3824C5AE150027EFFE /* users.json */; };
		18506B3B24C5B0F10027EFFE /* GithubAPI.swift in Sources */ = {isa = PBXBuildFile; fileRef = 18506B3A24C5B0F10027EFFE /* GithubAPI.swift */; };
		18506B3D24C5B4A50027EFFE /* SearchViewModel.swift in Sources */ = {isa = PBXBuildFile; fileRef = 18506B3C24C5B4A50027EFFE /* SearchViewModel.swift */; };
		18506B3E24C5B83E0027EFFE /* GithubUser.swift in Sources */ = {isa = PBXBuildFile; fileRef = 18506B3524C5AA920027EFFE /* GithubUser.swift */; };
		18506B3F24C5B8850027EFFE /* users.json in Resources */ = {isa = PBXBuildFile; fileRef = 18506B3824C5AE150027EFFE /* users.json */; };
		18506B4124C5CADC0027EFFE /* UserCell.swift in Sources */ = {isa = PBXBuildFile; fileRef = 18506B4024C5CADC0027EFFE /* UserCell.swift */; };
/* End PBXBuildFile section */

/* Begin PBXContainerItemProxy section */
		18506B0D24C583F40027EFFE /* PBXContainerItemProxy */ = {
			isa = PBXContainerItemProxy;
			containerPortal = 18506AEE24C583F30027EFFE /* Project object */;
			proxyType = 1;
			remoteGlobalIDString = 18506AF524C583F30027EFFE;
			remoteInfo = GithubUses;
		};
		18506B1824C583F40027EFFE /* PBXContainerItemProxy */ = {
			isa = PBXContainerItemProxy;
			containerPortal = 18506AEE24C583F30027EFFE /* Project object */;
			proxyType = 1;
			remoteGlobalIDString = 18506AF524C583F30027EFFE;
			remoteInfo = GithubUses;
		};
/* End PBXContainerItemProxy section */

/* Begin PBXFileReference section */
		184914AC24C63E0800001271 /* ViewModelType.swift */ = {isa = PBXFileReference; lastKnownFileType = sourcecode.swift; path = ViewModelType.swift; sourceTree = "<group>"; };
		18506AF624C583F30027EFFE /* GithubUsers.app */ = {isa = PBXFileReference; explicitFileType = wrapper.application; includeInIndex = 0; path = GithubUsers.app; sourceTree = BUILT_PRODUCTS_DIR; };
		18506AF924C583F30027EFFE /* AppDelegate.swift */ = {isa = PBXFileReference; lastKnownFileType = sourcecode.swift; path = AppDelegate.swift; sourceTree = "<group>"; };
		18506AFB24C583F30027EFFE /* SceneDelegate.swift */ = {isa = PBXFileReference; lastKnownFileType = sourcecode.swift; path = SceneDelegate.swift; sourceTree = "<group>"; };
		18506AFD24C583F30027EFFE /* SearchViewController.swift */ = {isa = PBXFileReference; lastKnownFileType = sourcecode.swift; path = SearchViewController.swift; sourceTree = "<group>"; };
		18506B0024C583F30027EFFE /* Base */ = {isa = PBXFileReference; lastKnownFileType = file.storyboard; name = Base; path = Base.lproj/Main.storyboard; sourceTree = "<group>"; };
		18506B0224C583F40027EFFE /* Assets.xcassets */ = {isa = PBXFileReference; lastKnownFileType = folder.assetcatalog; path = Assets.xcassets; sourceTree = "<group>"; };
		18506B0524C583F40027EFFE /* Base */ = {isa = PBXFileReference; lastKnownFileType = file.storyboard; name = Base; path = Base.lproj/LaunchScreen.storyboard; sourceTree = "<group>"; };
		18506B0724C583F40027EFFE /* Info.plist */ = {isa = PBXFileReference; lastKnownFileType = text.plist.xml; path = Info.plist; sourceTree = "<group>"; };
		18506B0C24C583F40027EFFE /* GithubUsersTests.xctest */ = {isa = PBXFileReference; explicitFileType = wrapper.cfbundle; includeInIndex = 0; path = GithubUsersTests.xctest; sourceTree = BUILT_PRODUCTS_DIR; };
		18506B1024C583F40027EFFE /* GithubUsesTests.swift */ = {isa = PBXFileReference; lastKnownFileType = sourcecode.swift; path = GithubUsesTests.swift; sourceTree = "<group>"; };
		18506B1224C583F40027EFFE /* Info.plist */ = {isa = PBXFileReference; lastKnownFileType = text.plist.xml; path = Info.plist; sourceTree = "<group>"; };
		18506B1724C583F40027EFFE /* GithubUsersUITests.xctest */ = {isa = PBXFileReference; explicitFileType = wrapper.cfbundle; includeInIndex = 0; path = GithubUsersUITests.xctest; sourceTree = BUILT_PRODUCTS_DIR; };
		18506B1B24C583F40027EFFE /* GithubUsesUITests.swift */ = {isa = PBXFileReference; lastKnownFileType = sourcecode.swift; path = GithubUsesUITests.swift; sourceTree = "<group>"; };
		18506B1D24C583F40027EFFE /* Info.plist */ = {isa = PBXFileReference; lastKnownFileType = text.plist.xml; path = Info.plist; sourceTree = "<group>"; };
		18506B3524C5AA920027EFFE /* GithubUser.swift */ = {isa = PBXFileReference; lastKnownFileType = sourcecode.swift; path = GithubUser.swift; sourceTree = "<group>"; };
		18506B3824C5AE150027EFFE /* users.json */ = {isa = PBXFileReference; lastKnownFileType = text.json; path = users.json; sourceTree = "<group>"; };
		18506B3A24C5B0F10027EFFE /* GithubAPI.swift */ = {isa = PBXFileReference; lastKnownFileType = sourcecode.swift; path = GithubAPI.swift; sourceTree = "<group>"; };
		18506B3C24C5B4A50027EFFE /* SearchViewModel.swift */ = {isa = PBXFileReference; lastKnownFileType = sourcecode.swift; path = SearchViewModel.swift; sourceTree = "<group>"; };
		18506B4024C5CADC0027EFFE /* UserCell.swift */ = {isa = PBXFileReference; lastKnownFileType = sourcecode.swift; path = UserCell.swift; sourceTree = "<group>"; };
/* End PBXFileReference section */

/* Begin PBXFrameworksBuildPhase section */
		18506AF324C583F30027EFFE /* Frameworks */ = {
			isa = PBXFrameworksBuildPhase;
			buildActionMask = 2147483647;
			files = (
				18506B2D24C589050027EFFE /* RxCocoa in Frameworks */,
				18506B2B24C589050027EFFE /* RxSwift in Frameworks */,
				18506B3324C5AA350027EFFE /* RxMoya in Frameworks */,
				18506B3124C5AA350027EFFE /* Moya in Frameworks */,
			);
			runOnlyForDeploymentPostprocessing = 0;
		};
		18506B0924C583F40027EFFE /* Frameworks */ = {
			isa = PBXFrameworksBuildPhase;
			buildActionMask = 2147483647;
			files = (
			);
			runOnlyForDeploymentPostprocessing = 0;
		};
		18506B1424C583F40027EFFE /* Frameworks */ = {
			isa = PBXFrameworksBuildPhase;
			buildActionMask = 2147483647;
			files = (
			);
			runOnlyForDeploymentPostprocessing = 0;
		};
/* End PBXFrameworksBuildPhase section */

/* Begin PBXGroup section */
		184914AB24C63DEC00001271 /* Common */ = {
			isa = PBXGroup;
			children = (
				184914AC24C63E0800001271 /* ViewModelType.swift */,
			);
			path = Common;
			sourceTree = "<group>";
		};
		18506AED24C583F30027EFFE = {
			isa = PBXGroup;
			children = (
				18506AF824C583F30027EFFE /* GithubUses */,
				18506B0F24C583F40027EFFE /* GithubUsesTests */,
				18506B1A24C583F40027EFFE /* GithubUsesUITests */,
				18506AF724C583F30027EFFE /* Products */,
			);
			sourceTree = "<group>";
		};
		18506AF724C583F30027EFFE /* Products */ = {
			isa = PBXGroup;
			children = (
				18506AF624C583F30027EFFE /* GithubUsers.app */,
				18506B0C24C583F40027EFFE /* GithubUsersTests.xctest */,
				18506B1724C583F40027EFFE /* GithubUsersUITests.xctest */,
			);
			name = Products;
			sourceTree = "<group>";
		};
		18506AF824C583F30027EFFE /* GithubUses */ = {
			isa = PBXGroup;
			children = (
				184914AB24C63DEC00001271 /* Common */,
				18506B3424C5AA580027EFFE /* Models */,
				18506AF924C583F30027EFFE /* AppDelegate.swift */,
				18506AFB24C583F30027EFFE /* SceneDelegate.swift */,
				18506AFD24C583F30027EFFE /* SearchViewController.swift */,
				18506B4024C5CADC0027EFFE /* UserCell.swift */,
				18506B3C24C5B4A50027EFFE /* SearchViewModel.swift */,
				18506AFF24C583F30027EFFE /* Main.storyboard */,
				18506B0224C583F40027EFFE /* Assets.xcassets */,
				18506B0424C583F40027EFFE /* LaunchScreen.storyboard */,
				18506B0724C583F40027EFFE /* Info.plist */,
			);
			path = GithubUses;
			sourceTree = "<group>";
		};
		18506B0F24C583F40027EFFE /* GithubUsesTests */ = {
			isa = PBXGroup;
			children = (
				18506B1024C583F40027EFFE /* GithubUsesTests.swift */,
				18506B3824C5AE150027EFFE /* users.json */,
				18506B1224C583F40027EFFE /* Info.plist */,
			);
			path = GithubUsesTests;
			sourceTree = "<group>";
		};
		18506B1A24C583F40027EFFE /* GithubUsesUITests */ = {
			isa = PBXGroup;
			children = (
				18506B1B24C583F40027EFFE /* GithubUsesUITests.swift */,
				18506B1D24C583F40027EFFE /* Info.plist */,
			);
			path = GithubUsesUITests;
			sourceTree = "<group>";
		};
		18506B3424C5AA580027EFFE /* Models */ = {
			isa = PBXGroup;
			children = (
				18506B3524C5AA920027EFFE /* GithubUser.swift */,
				18506B3A24C5B0F10027EFFE /* GithubAPI.swift */,
			);
			path = Models;
			sourceTree = "<group>";
		};
/* End PBXGroup section */

/* Begin PBXNativeTarget section */
		18506AF524C583F30027EFFE /* GithubUsers */ = {
			isa = PBXNativeTarget;
			buildConfigurationList = 18506B2024C583F40027EFFE /* Build configuration list for PBXNativeTarget "GithubUsers" */;
			buildPhases = (
				18506AF224C583F30027EFFE /* Sources */,
				18506AF324C583F30027EFFE /* Frameworks */,
				18506AF424C583F30027EFFE /* Resources */,
			);
			buildRules = (
			);
			dependencies = (
			);
			name = GithubUsers;
			packageProductDependencies = (
				18506B2A24C589050027EFFE /* RxSwift */,
				18506B2C24C589050027EFFE /* RxCocoa */,
				18506B3024C5AA350027EFFE /* Moya */,
				18506B3224C5AA350027EFFE /* RxMoya */,
			);
			productName = GithubUses;
			productReference = 18506AF624C583F30027EFFE /* GithubUsers.app */;
			productType = "com.apple.product-type.application";
		};
		18506B0B24C583F40027EFFE /* GithubUsersTests */ = {
			isa = PBXNativeTarget;
			buildConfigurationList = 18506B2324C583F40027EFFE /* Build configuration list for PBXNativeTarget "GithubUsersTests" */;
			buildPhases = (
				18506B0824C583F40027EFFE /* Sources */,
				18506B0924C583F40027EFFE /* Frameworks */,
				18506B0A24C583F40027EFFE /* Resources */,
			);
			buildRules = (
			);
			dependencies = (
				18506B0E24C583F40027EFFE /* PBXTargetDependency */,
			);
			name = GithubUsersTests;
			productName = GithubUsesTests;
			productReference = 18506B0C24C583F40027EFFE /* GithubUsersTests.xctest */;
			productType = "com.apple.product-type.bundle.unit-test";
		};
		18506B1624C583F40027EFFE /* GithubUsersUITests */ = {
			isa = PBXNativeTarget;
			buildConfigurationList = 18506B2624C583F40027EFFE /* Build configuration list for PBXNativeTarget "GithubUsersUITests" */;
			buildPhases = (
				18506B1324C583F40027EFFE /* Sources */,
				18506B1424C583F40027EFFE /* Frameworks */,
				18506B1524C583F40027EFFE /* Resources */,
			);
			buildRules = (
			);
			dependencies = (
				18506B1924C583F40027EFFE /* PBXTargetDependency */,
			);
			name = GithubUsersUITests;
			productName = GithubUsesUITests;
			productReference = 18506B1724C583F40027EFFE /* GithubUsersUITests.xctest */;
			productType = "com.apple.product-type.bundle.ui-testing";
		};
/* End PBXNativeTarget section */

/* Begin PBXProject section */
		18506AEE24C583F30027EFFE /* Project object */ = {
			isa = PBXProject;
			attributes = {
				LastSwiftUpdateCheck = 1200;
				LastUpgradeCheck = 1200;
				TargetAttributes = {
					18506AF524C583F30027EFFE = {
						CreatedOnToolsVersion = 12.0;
					};
					18506B0B24C583F40027EFFE = {
						CreatedOnToolsVersion = 12.0;
						TestTargetID = 18506AF524C583F30027EFFE;
					};
					18506B1624C583F40027EFFE = {
						CreatedOnToolsVersion = 12.0;
						TestTargetID = 18506AF524C583F30027EFFE;
					};
				};
			};
			buildConfigurationList = 18506AF124C583F30027EFFE /* Build configuration list for PBXProject "GithubClient" */;
			compatibilityVersion = "Xcode 9.3";
			developmentRegion = en;
			hasScannedForEncodings = 0;
			knownRegions = (
				en,
				Base,
			);
			mainGroup = 18506AED24C583F30027EFFE;
			packageReferences = (
				18506B2924C589040027EFFE /* XCRemoteSwiftPackageReference "RxSwift" */,
				18506B2F24C5AA350027EFFE /* XCRemoteSwiftPackageReference "Moya" */,
			);
			productRefGroup = 18506AF724C583F30027EFFE /* Products */;
			projectDirPath = "";
			projectRoot = "";
			targets = (
				18506AF524C583F30027EFFE /* GithubUsers */,
				18506B0B24C583F40027EFFE /* GithubUsersTests */,
				18506B1624C583F40027EFFE /* GithubUsersUITests */,
			);
		};
/* End PBXProject section */

/* Begin PBXResourcesBuildPhase section */
		18506AF424C583F30027EFFE /* Resources */ = {
			isa = PBXResourcesBuildPhase;
			buildActionMask = 2147483647;
			files = (
				18506B3F24C5B8850027EFFE /* users.json in Resources */,
				18506B0624C583F40027EFFE /* LaunchScreen.storyboard in Resources */,
				18506B0324C583F40027EFFE /* Assets.xcassets in Resources */,
				18506B0124C583F30027EFFE /* Main.storyboard in Resources */,
			);
			runOnlyForDeploymentPostprocessing = 0;
		};
		18506B0A24C583F40027EFFE /* Resources */ = {
			isa = PBXResourcesBuildPhase;
			buildActionMask = 2147483647;
			files = (
				18506B3924C5AE150027EFFE /* users.json in Resources */,
			);
			runOnlyForDeploymentPostprocessing = 0;
		};
		18506B1524C583F40027EFFE /* Resources */ = {
			isa = PBXResourcesBuildPhase;
			buildActionMask = 2147483647;
			files = (
			);
			runOnlyForDeploymentPostprocessing = 0;
		};
/* End PBXResourcesBuildPhase section */

/* Begin PBXSourcesBuildPhase section */
		18506AF224C583F30027EFFE /* Sources */ = {
			isa = PBXSourcesBuildPhase;
			buildActionMask = 2147483647;
			files = (
				18506AFE24C583F30027EFFE /* SearchViewController.swift in Sources */,
				18506B3B24C5B0F10027EFFE /* GithubAPI.swift in Sources */,
				18506B3624C5AA920027EFFE /* GithubUser.swift in Sources */,
				18506AFA24C583F30027EFFE /* AppDelegate.swift in Sources */,
				184914AD24C63E0800001271 /* ViewModelType.swift in Sources */,
				18506B3D24C5B4A50027EFFE /* SearchViewModel.swift in Sources */,
				18506AFC24C583F30027EFFE /* SceneDelegate.swift in Sources */,
				18506B4124C5CADC0027EFFE /* UserCell.swift in Sources */,
			);
			runOnlyForDeploymentPostprocessing = 0;
		};
		18506B0824C583F40027EFFE /* Sources */ = {
			isa = PBXSourcesBuildPhase;
			buildActionMask = 2147483647;
			files = (
				18506B1124C583F40027EFFE /* GithubUsesTests.swift in Sources */,
				18506B3E24C5B83E0027EFFE /* GithubUser.swift in Sources */,
				184914AE24C63E0800001271 /* ViewModelType.swift in Sources */,
			);
			runOnlyForDeploymentPostprocessing = 0;
		};
		18506B1324C583F40027EFFE /* Sources */ = {
			isa = PBXSourcesBuildPhase;
			buildActionMask = 2147483647;
			files = (
				18506B1C24C583F40027EFFE /* GithubUsesUITests.swift in Sources */,
			);
			runOnlyForDeploymentPostprocessing = 0;
		};
/* End PBXSourcesBuildPhase section */

/* Begin PBXTargetDependency section */
		18506B0E24C583F40027EFFE /* PBXTargetDependency */ = {
			isa = PBXTargetDependency;
			target = 18506AF524C583F30027EFFE /* GithubUsers */;
			targetProxy = 18506B0D24C583F40027EFFE /* PBXContainerItemProxy */;
		};
		18506B1924C583F40027EFFE /* PBXTargetDependency */ = {
			isa = PBXTargetDependency;
			target = 18506AF524C583F30027EFFE /* GithubUsers */;
			targetProxy = 18506B1824C583F40027EFFE /* PBXContainerItemProxy */;
		};
/* End PBXTargetDependency section */

/* Begin PBXVariantGroup section */
		18506AFF24C583F30027EFFE /* Main.storyboard */ = {
			isa = PBXVariantGroup;
			children = (
				18506B0024C583F30027EFFE /* Base */,
			);
			name = Main.storyboard;
			sourceTree = "<group>";
		};
		18506B0424C583F40027EFFE /* LaunchScreen.storyboard */ = {
			isa = PBXVariantGroup;
			children = (
				18506B0524C583F40027EFFE /* Base */,
			);
			name = LaunchScreen.storyboard;
			sourceTree = "<group>";
		};
/* End PBXVariantGroup section */

/* Begin XCBuildConfiguration section */
		18506B1E24C583F40027EFFE /* Debug */ = {
			isa = XCBuildConfiguration;
			buildSettings = {
				ALWAYS_SEARCH_USER_PATHS = NO;
				CLANG_ANALYZER_NONNULL = YES;
				CLANG_ANALYZER_NUMBER_OBJECT_CONVERSION = YES_AGGRESSIVE;
				CLANG_CXX_LANGUAGE_STANDARD = "gnu++14";
				CLANG_CXX_LIBRARY = "libc++";
				CLANG_ENABLE_MODULES = YES;
				CLANG_ENABLE_OBJC_ARC = YES;
				CLANG_ENABLE_OBJC_WEAK = YES;
				CLANG_WARN_BLOCK_CAPTURE_AUTORELEASING = YES;
				CLANG_WARN_BOOL_CONVERSION = YES;
				CLANG_WARN_COMMA = YES;
				CLANG_WARN_CONSTANT_CONVERSION = YES;
				CLANG_WARN_DEPRECATED_OBJC_IMPLEMENTATIONS = YES;
				CLANG_WARN_DIRECT_OBJC_ISA_USAGE = YES_ERROR;
				CLANG_WARN_DOCUMENTATION_COMMENTS = YES;
				CLANG_WARN_EMPTY_BODY = YES;
				CLANG_WARN_ENUM_CONVERSION = YES;
				CLANG_WARN_INFINITE_RECURSION = YES;
				CLANG_WARN_INT_CONVERSION = YES;
				CLANG_WARN_NON_LITERAL_NULL_CONVERSION = YES;
				CLANG_WARN_OBJC_IMPLICIT_RETAIN_SELF = YES;
				CLANG_WARN_OBJC_LITERAL_CONVERSION = YES;
				CLANG_WARN_OBJC_ROOT_CLASS = YES_ERROR;
				CLANG_WARN_QUOTED_INCLUDE_IN_FRAMEWORK_HEADER = YES;
				CLANG_WARN_RANGE_LOOP_ANALYSIS = YES;
				CLANG_WARN_STRICT_PROTOTYPES = YES;
				CLANG_WARN_SUSPICIOUS_MOVE = YES;
				CLANG_WARN_UNGUARDED_AVAILABILITY = YES_AGGRESSIVE;
				CLANG_WARN_UNREACHABLE_CODE = YES;
				CLANG_WARN__DUPLICATE_METHOD_MATCH = YES;
				COPY_PHASE_STRIP = NO;
				DEBUG_INFORMATION_FORMAT = dwarf;
				ENABLE_STRICT_OBJC_MSGSEND = YES;
				ENABLE_TESTABILITY = YES;
				GCC_C_LANGUAGE_STANDARD = gnu11;
				GCC_DYNAMIC_NO_PIC = NO;
				GCC_NO_COMMON_BLOCKS = YES;
				GCC_OPTIMIZATION_LEVEL = 0;
				GCC_PREPROCESSOR_DEFINITIONS = (
					"DEBUG=1",
					"$(inherited)",
				);
				GCC_WARN_64_TO_32_BIT_CONVERSION = YES;
				GCC_WARN_ABOUT_RETURN_TYPE = YES_ERROR;
				GCC_WARN_UNDECLARED_SELECTOR = YES;
				GCC_WARN_UNINITIALIZED_AUTOS = YES_AGGRESSIVE;
				GCC_WARN_UNUSED_FUNCTION = YES;
				GCC_WARN_UNUSED_VARIABLE = YES;
				IPHONEOS_DEPLOYMENT_TARGET = 14.0;
				MTL_ENABLE_DEBUG_INFO = INCLUDE_SOURCE;
				MTL_FAST_MATH = YES;
				ONLY_ACTIVE_ARCH = YES;
				SDKROOT = iphoneos;
				SWIFT_ACTIVE_COMPILATION_CONDITIONS = DEBUG;
				SWIFT_OPTIMIZATION_LEVEL = "-Onone";
			};
			name = Debug;
		};
		18506B1F24C583F40027EFFE /* Release */ = {
			isa = XCBuildConfiguration;
			buildSettings = {
				ALWAYS_SEARCH_USER_PATHS = NO;
				CLANG_ANALYZER_NONNULL = YES;
				CLANG_ANALYZER_NUMBER_OBJECT_CONVERSION = YES_AGGRESSIVE;
				CLANG_CXX_LANGUAGE_STANDARD = "gnu++14";
				CLANG_CXX_LIBRARY = "libc++";
				CLANG_ENABLE_MODULES = YES;
				CLANG_ENABLE_OBJC_ARC = YES;
				CLANG_ENABLE_OBJC_WEAK = YES;
				CLANG_WARN_BLOCK_CAPTURE_AUTORELEASING = YES;
				CLANG_WARN_BOOL_CONVERSION = YES;
				CLANG_WARN_COMMA = YES;
				CLANG_WARN_CONSTANT_CONVERSION = YES;
				CLANG_WARN_DEPRECATED_OBJC_IMPLEMENTATIONS = YES;
				CLANG_WARN_DIRECT_OBJC_ISA_USAGE = YES_ERROR;
				CLANG_WARN_DOCUMENTATION_COMMENTS = YES;
				CLANG_WARN_EMPTY_BODY = YES;
				CLANG_WARN_ENUM_CONVERSION = YES;
				CLANG_WARN_INFINITE_RECURSION = YES;
				CLANG_WARN_INT_CONVERSION = YES;
				CLANG_WARN_NON_LITERAL_NULL_CONVERSION = YES;
				CLANG_WARN_OBJC_IMPLICIT_RETAIN_SELF = YES;
				CLANG_WARN_OBJC_LITERAL_CONVERSION = YES;
				CLANG_WARN_OBJC_ROOT_CLASS = YES_ERROR;
				CLANG_WARN_QUOTED_INCLUDE_IN_FRAMEWORK_HEADER = YES;
				CLANG_WARN_RANGE_LOOP_ANALYSIS = YES;
				CLANG_WARN_STRICT_PROTOTYPES = YES;
				CLANG_WARN_SUSPICIOUS_MOVE = YES;
				CLANG_WARN_UNGUARDED_AVAILABILITY = YES_AGGRESSIVE;
				CLANG_WARN_UNREACHABLE_CODE = YES;
				CLANG_WARN__DUPLICATE_METHOD_MATCH = YES;
				COPY_PHASE_STRIP = NO;
				DEBUG_INFORMATION_FORMAT = "dwarf-with-dsym";
				ENABLE_NS_ASSERTIONS = NO;
				ENABLE_STRICT_OBJC_MSGSEND = YES;
				GCC_C_LANGUAGE_STANDARD = gnu11;
				GCC_NO_COMMON_BLOCKS = YES;
				GCC_WARN_64_TO_32_BIT_CONVERSION = YES;
				GCC_WARN_ABOUT_RETURN_TYPE = YES_ERROR;
				GCC_WARN_UNDECLARED_SELECTOR = YES;
				GCC_WARN_UNINITIALIZED_AUTOS = YES_AGGRESSIVE;
				GCC_WARN_UNUSED_FUNCTION = YES;
				GCC_WARN_UNUSED_VARIABLE = YES;
				IPHONEOS_DEPLOYMENT_TARGET = 14.0;
				MTL_ENABLE_DEBUG_INFO = NO;
				MTL_FAST_MATH = YES;
				SDKROOT = iphoneos;
				SWIFT_COMPILATION_MODE = wholemodule;
				SWIFT_OPTIMIZATION_LEVEL = "-O";
				VALIDATE_PRODUCT = YES;
			};
			name = Release;
		};
		18506B2124C583F40027EFFE /* Debug */ = {
			isa = XCBuildConfiguration;
			buildSettings = {
				ASSETCATALOG_COMPILER_APPICON_NAME = AppIcon;
				ASSETCATALOG_COMPILER_GLOBAL_ACCENT_COLOR_NAME = AccentColor;
				CODE_SIGN_STYLE = Automatic;
				DEVELOPMENT_TEAM = WEZ4TNATDY;
				INFOPLIST_FILE = GithubUses/Info.plist;
				LD_RUNPATH_SEARCH_PATHS = (
					"$(inherited)",
					"@executable_path/Frameworks",
				);
				PRODUCT_BUNDLE_IDENTIFIER = pszertlek.com.cn.GithubUses;
				PRODUCT_NAME = "$(TARGET_NAME)";
				SWIFT_VERSION = 5.0;
				TARGETED_DEVICE_FAMILY = "1,2";
			};
			name = Debug;
		};
		18506B2224C583F40027EFFE /* Release */ = {
			isa = XCBuildConfiguration;
			buildSettings = {
				ASSETCATALOG_COMPILER_APPICON_NAME = AppIcon;
				ASSETCATALOG_COMPILER_GLOBAL_ACCENT_COLOR_NAME = AccentColor;
				CODE_SIGN_STYLE = Automatic;
				DEVELOPMENT_TEAM = WEZ4TNATDY;
				INFOPLIST_FILE = GithubUses/Info.plist;
				LD_RUNPATH_SEARCH_PATHS = (
					"$(inherited)",
					"@executable_path/Frameworks",
				);
				PRODUCT_BUNDLE_IDENTIFIER = pszertlek.com.cn.GithubUses;
				PRODUCT_NAME = "$(TARGET_NAME)";
				SWIFT_VERSION = 5.0;
				TARGETED_DEVICE_FAMILY = "1,2";
			};
			name = Release;
		};
		18506B2424C583F40027EFFE /* Debug */ = {
			isa = XCBuildConfiguration;
			buildSettings = {
				ALWAYS_EMBED_SWIFT_STANDARD_LIBRARIES = YES;
				BUNDLE_LOADER = "$(TEST_HOST)";
				CODE_SIGN_STYLE = Automatic;
				DEVELOPMENT_TEAM = WEZ4TNATDY;
				INFOPLIST_FILE = GithubUsesTests/Info.plist;
				IPHONEOS_DEPLOYMENT_TARGET = 14.0;
				LD_RUNPATH_SEARCH_PATHS = (
					"$(inherited)",
					"@executable_path/Frameworks",
					"@loader_path/Frameworks",
				);
				PRODUCT_BUNDLE_IDENTIFIER = pszertlek.com.cn.GithubUsesTests;
				PRODUCT_NAME = "$(TARGET_NAME)";
				SWIFT_VERSION = 5.0;
				TARGETED_DEVICE_FAMILY = "1,2";
				TEST_HOST = "$(BUILT_PRODUCTS_DIR)/GithubUsers.app/GithubUsers";
			};
			name = Debug;
		};
		18506B2524C583F40027EFFE /* Release */ = {
			isa = XCBuildConfiguration;
			buildSettings = {
				ALWAYS_EMBED_SWIFT_STANDARD_LIBRARIES = YES;
				BUNDLE_LOADER = "$(TEST_HOST)";
				CODE_SIGN_STYLE = Automatic;
				DEVELOPMENT_TEAM = WEZ4TNATDY;
				INFOPLIST_FILE = GithubUsesTests/Info.plist;
				IPHONEOS_DEPLOYMENT_TARGET = 14.0;
				LD_RUNPATH_SEARCH_PATHS = (
					"$(inherited)",
					"@executable_path/Frameworks",
					"@loader_path/Frameworks",
				);
				PRODUCT_BUNDLE_IDENTIFIER = pszertlek.com.cn.GithubUsesTests;
				PRODUCT_NAME = "$(TARGET_NAME)";
				SWIFT_VERSION = 5.0;
				TARGETED_DEVICE_FAMILY = "1,2";
				TEST_HOST = "$(BUILT_PRODUCTS_DIR)/GithubUsers.app/GithubUsers";
			};
			name = Release;
		};
		18506B2724C583F40027EFFE /* Debug */ = {
			isa = XCBuildConfiguration;
			buildSettings = {
				ALWAYS_EMBED_SWIFT_STANDARD_LIBRARIES = YES;
				CODE_SIGN_STYLE = Automatic;
				DEVELOPMENT_TEAM = WEZ4TNATDY;
				INFOPLIST_FILE = GithubUsesUITests/Info.plist;
				LD_RUNPATH_SEARCH_PATHS = (
					"$(inherited)",
					"@executable_path/Frameworks",
					"@loader_path/Frameworks",
				);
				PRODUCT_BUNDLE_IDENTIFIER = pszertlek.com.cn.GithubUsesUITests;
				PRODUCT_NAME = "$(TARGET_NAME)";
				SWIFT_VERSION = 5.0;
				TARGETED_DEVICE_FAMILY = "1,2";
				TEST_TARGET_NAME = GithubUses;
			};
			name = Debug;
		};
		18506B2824C583F40027EFFE /* Release */ = {
			isa = XCBuildConfiguration;
			buildSettings = {
				ALWAYS_EMBED_SWIFT_STANDARD_LIBRARIES = YES;
				CODE_SIGN_STYLE = Automatic;
				DEVELOPMENT_TEAM = WEZ4TNATDY;
				INFOPLIST_FILE = GithubUsesUITests/Info.plist;
				LD_RUNPATH_SEARCH_PATHS = (
					"$(inherited)",
					"@executable_path/Frameworks",
					"@loader_path/Frameworks",
				);
				PRODUCT_BUNDLE_IDENTIFIER = pszertlek.com.cn.GithubUsesUITests;
				PRODUCT_NAME = "$(TARGET_NAME)";
				SWIFT_VERSION = 5.0;
				TARGETED_DEVICE_FAMILY = "1,2";
				TEST_TARGET_NAME = GithubUses;
			};
			name = Release;
		};
/* End XCBuildConfiguration section */

/* Begin XCConfigurationList section */
		18506AF124C583F30027EFFE /* Build configuration list for PBXProject "GithubClient" */ = {
			isa = XCConfigurationList;
			buildConfigurations = (
				18506B1E24C583F40027EFFE /* Debug */,
				18506B1F24C583F40027EFFE /* Release */,
			);
			defaultConfigurationIsVisible = 0;
			defaultConfigurationName = Release;
		};
		18506B2024C583F40027EFFE /* Build configuration list for PBXNativeTarget "GithubUsers" */ = {
			isa = XCConfigurationList;
			buildConfigurations = (
				18506B2124C583F40027EFFE /* Debug */,
				18506B2224C583F40027EFFE /* Release */,
			);
			defaultConfigurationIsVisible = 0;
			defaultConfigurationName = Release;
		};
		18506B2324C583F40027EFFE /* Build configuration list for PBXNativeTarget "GithubUsersTests" */ = {
			isa = XCConfigurationList;
			buildConfigurations = (
				18506B2424C583F40027EFFE /* Debug */,
				18506B2524C583F40027EFFE /* Release */,
			);
			defaultConfigurationIsVisible = 0;
			defaultConfigurationName = Release;
		};
		18506B2624C583F40027EFFE /* Build configuration list for PBXNativeTarget "GithubUsersUITests" */ = {
			isa = XCConfigurationList;
			buildConfigurations = (
				18506B2724C583F40027EFFE /* Debug */,
				18506B2824C583F40027EFFE /* Release */,
			);
			defaultConfigurationIsVisible = 0;
			defaultConfigurationName = Release;
		};
/* End XCConfigurationList section */

/* Begin XCRemoteSwiftPackageReference section */
		18506B2924C589040027EFFE /* XCRemoteSwiftPackageReference "RxSwift" */ = {
			isa = XCRemoteSwiftPackageReference;
			repositoryURL = "https://github.com/ReactiveX/RxSwift.git";
			requirement = {
				kind = upToNextMajorVersion;
				minimumVersion = 5.1.1;
			};
		};
		18506B2F24C5AA350027EFFE /* XCRemoteSwiftPackageReference "Moya" */ = {
			isa = XCRemoteSwiftPackageReference;
			repositoryURL = "https://github.com/Moya/Moya.git";
			requirement = {
				kind = upToNextMajorVersion;
				minimumVersion = 14.0.0;
			};
		};
/* End XCRemoteSwiftPackageReference section */

/* Begin XCSwiftPackageProductDependency section */
		18506B2A24C589050027EFFE /* RxSwift */ = {
			isa = XCSwiftPackageProductDependency;
			package = 18506B2924C589040027EFFE /* XCRemoteSwiftPackageReference "RxSwift" */;
			productName = RxSwift;
		};
		18506B2C24C589050027EFFE /* RxCocoa */ = {
			isa = XCSwiftPackageProductDependency;
			package = 18506B2924C589040027EFFE /* XCRemoteSwiftPackageReference "RxSwift" */;
			productName = RxCocoa;
		};
		18506B3024C5AA350027EFFE /* Moya */ = {
			isa = XCSwiftPackageProductDependency;
			package = 18506B2F24C5AA350027EFFE /* XCRemoteSwiftPackageReference "Moya" */;
			productName = Moya;
		};
		18506B3224C5AA350027EFFE /* RxMoya */ = {
			isa = XCSwiftPackageProductDependency;
			package = 18506B2F24C5AA350027EFFE /* XCRemoteSwiftPackageReference "Moya" */;
			productName = RxMoya;
		};
/* End XCSwiftPackageProductDependency section */
	};
	rootObject = 18506AEE24C583F30027EFFE /* Project object */;
}
